// !$*UTF8*$!
{
	archiveVersion = 1;
	classes = {
	};
	objectVersion = 45;
	objects = {

/* Begin PBXBuildFile section */
		1D60589F0D05DD5A006BFB54 /* Foundation.framework in Frameworks */ = {isa = PBXBuildFile; fileRef = 1D30AB110D05D00D00671497 /* Foundation.framework */; };
		1DF5F4E00D08C38300B7A737 /* UIKit.framework in Frameworks */ = {isa = PBXBuildFile; fileRef = 1DF5F4DF0D08C38300B7A737 /* UIKit.framework */; };
		288765FD0DF74451002DB57D /* CoreGraphics.framework in Frameworks */ = {isa = PBXBuildFile; fileRef = 288765FC0DF74451002DB57D /* CoreGraphics.framework */; };
		99B89AF70F9E6E6F0034B3BB /* splash_developed_by.png in Resources */ = {isa = PBXBuildFile; fileRef = 99B89A4F0F9E6E6F0034B3BB /* splash_developed_by.png */; };
		99B89AF90F9E6E6F0034B3BB /* GameDelegate.m in Sources */ = {isa = PBXBuildFile; fileRef = 99B89A520F9E6E6F0034B3BB /* GameDelegate.m */; };
		99B89AFB0F9E6E6F0034B3BB /* main.m in Sources */ = {isa = PBXBuildFile; fileRef = 99B89A560F9E6E6F0034B3BB /* main.m */; };
		99B89B400F9E6E6F0034B3BB /* Icon.png in Resources */ = {isa = PBXBuildFile; fileRef = 99B89AEF0F9E6E6F0034B3BB /* Icon.png */; };
		A63E697F101E006200468EA6 /* ball.png in Resources */ = {isa = PBXBuildFile; fileRef = A63E697E101E006200468EA6 /* ball.png */; };
		A64BD3DF10D5F3C10090526C /* CCAction.m in Sources */ = {isa = PBXBuildFile; fileRef = A64BD35E10D5F3C00090526C /* CCAction.m */; };
		A64BD3E010D5F3C10090526C /* CCActionManager.m in Sources */ = {isa = PBXBuildFile; fileRef = A64BD36010D5F3C00090526C /* CCActionManager.m */; };
		A64BD3E110D5F3C10090526C /* CCAtlasNode.m in Sources */ = {isa = PBXBuildFile; fileRef = A64BD36210D5F3C00090526C /* CCAtlasNode.m */; };
		A64BD3E210D5F3C10090526C /* CCBitmapFontAtlas.m in Sources */ = {isa = PBXBuildFile; fileRef = A64BD36410D5F3C00090526C /* CCBitmapFontAtlas.m */; };
		A64BD3E310D5F3C10090526C /* CCCamera.m in Sources */ = {isa = PBXBuildFile; fileRef = A64BD36610D5F3C00090526C /* CCCamera.m */; };
		A64BD3E410D5F3C10090526C /* CCCameraAction.m in Sources */ = {isa = PBXBuildFile; fileRef = A64BD36810D5F3C00090526C /* CCCameraAction.m */; };
		A64BD3E510D5F3C10090526C /* CCCompatibility.m in Sources */ = {isa = PBXBuildFile; fileRef = A64BD36A10D5F3C00090526C /* CCCompatibility.m */; };
		A64BD3E610D5F3C10090526C /* CCDirector.m in Sources */ = {isa = PBXBuildFile; fileRef = A64BD36D10D5F3C00090526C /* CCDirector.m */; };
		A64BD3E710D5F3C10090526C /* CCDrawingPrimitives.m in Sources */ = {isa = PBXBuildFile; fileRef = A64BD36F10D5F3C00090526C /* CCDrawingPrimitives.m */; };
		A64BD3E810D5F3C10090526C /* CCEaseAction.m in Sources */ = {isa = PBXBuildFile; fileRef = A64BD37110D5F3C00090526C /* CCEaseAction.m */; };
		A64BD3E910D5F3C10090526C /* CCGrabber.m in Sources */ = {isa = PBXBuildFile; fileRef = A64BD37410D5F3C00090526C /* CCGrabber.m */; };
		A64BD3EA10D5F3C10090526C /* CCGrid.m in Sources */ = {isa = PBXBuildFile; fileRef = A64BD37610D5F3C00090526C /* CCGrid.m */; };
		A64BD3EB10D5F3C10090526C /* CCGrid3DAction.m in Sources */ = {isa = PBXBuildFile; fileRef = A64BD37810D5F3C00090526C /* CCGrid3DAction.m */; };
		A64BD3EC10D5F3C10090526C /* CCGridAction.m in Sources */ = {isa = PBXBuildFile; fileRef = A64BD37A10D5F3C00090526C /* CCGridAction.m */; };
		A64BD3ED10D5F3C10090526C /* CCInstantAction.m in Sources */ = {isa = PBXBuildFile; fileRef = A64BD37C10D5F3C00090526C /* CCInstantAction.m */; };
		A64BD3EE10D5F3C10090526C /* CCIntervalAction.m in Sources */ = {isa = PBXBuildFile; fileRef = A64BD37E10D5F3C00090526C /* CCIntervalAction.m */; };
		A64BD3EF10D5F3C10090526C /* CCLabel.m in Sources */ = {isa = PBXBuildFile; fileRef = A64BD38010D5F3C00090526C /* CCLabel.m */; };
		A64BD3F010D5F3C10090526C /* CCLabelAtlas.m in Sources */ = {isa = PBXBuildFile; fileRef = A64BD38210D5F3C00090526C /* CCLabelAtlas.m */; };
		A64BD3F110D5F3C10090526C /* CCLayer.m in Sources */ = {isa = PBXBuildFile; fileRef = A64BD38410D5F3C00090526C /* CCLayer.m */; };
		A64BD3F210D5F3C10090526C /* CCMenu.m in Sources */ = {isa = PBXBuildFile; fileRef = A64BD38710D5F3C00090526C /* CCMenu.m */; };
		A64BD3F310D5F3C10090526C /* CCMenuItem.m in Sources */ = {isa = PBXBuildFile; fileRef = A64BD38910D5F3C00090526C /* CCMenuItem.m */; };
		A64BD3F410D5F3C10090526C /* CCMotionStreak.m in Sources */ = {isa = PBXBuildFile; fileRef = A64BD38B10D5F3C00090526C /* CCMotionStreak.m */; };
		A64BD3F510D5F3C10090526C /* CCNode.m in Sources */ = {isa = PBXBuildFile; fileRef = A64BD38D10D5F3C00090526C /* CCNode.m */; };
		A64BD3F610D5F3C10090526C /* CCPageTurn3DAction.m in Sources */ = {isa = PBXBuildFile; fileRef = A64BD38F10D5F3C00090526C /* CCPageTurn3DAction.m */; };
		A64BD3F710D5F3C10090526C /* CCPageTurnTransition.m in Sources */ = {isa = PBXBuildFile; fileRef = A64BD39110D5F3C00090526C /* CCPageTurnTransition.m */; };
		A64BD3F810D5F3C10090526C /* CCParallaxNode.m in Sources */ = {isa = PBXBuildFile; fileRef = A64BD39310D5F3C00090526C /* CCParallaxNode.m */; };
		A64BD3F910D5F3C10090526C /* CCParticleExamples.m in Sources */ = {isa = PBXBuildFile; fileRef = A64BD39510D5F3C00090526C /* CCParticleExamples.m */; };
		A64BD3FA10D5F3C10090526C /* CCParticleSystem.m in Sources */ = {isa = PBXBuildFile; fileRef = A64BD39710D5F3C00090526C /* CCParticleSystem.m */; };
		A64BD3FB10D5F3C10090526C /* CCPointParticleSystem.m in Sources */ = {isa = PBXBuildFile; fileRef = A64BD39910D5F3C00090526C /* CCPointParticleSystem.m */; };
		A64BD3FC10D5F3C10090526C /* CCPVRTexture.m in Sources */ = {isa = PBXBuildFile; fileRef = A64BD39C10D5F3C00090526C /* CCPVRTexture.m */; };
		A64BD3FD10D5F3C10090526C /* CCQuadParticleSystem.m in Sources */ = {isa = PBXBuildFile; fileRef = A64BD39E10D5F3C00090526C /* CCQuadParticleSystem.m */; };
		A64BD3FE10D5F3C10090526C /* CCRenderTexture.m in Sources */ = {isa = PBXBuildFile; fileRef = A64BD3A010D5F3C00090526C /* CCRenderTexture.m */; };
		A64BD3FF10D5F3C10090526C /* CCRibbon.m in Sources */ = {isa = PBXBuildFile; fileRef = A64BD3A210D5F3C00090526C /* CCRibbon.m */; };
		A64BD40010D5F3C10090526C /* CCScene.m in Sources */ = {isa = PBXBuildFile; fileRef = A64BD3A410D5F3C00090526C /* CCScene.m */; };
		A64BD40110D5F3C10090526C /* CCScheduler.m in Sources */ = {isa = PBXBuildFile; fileRef = A64BD3A610D5F3C00090526C /* CCScheduler.m */; };
		A64BD40210D5F3C10090526C /* CCSprite.m in Sources */ = {isa = PBXBuildFile; fileRef = A64BD3A810D5F3C00090526C /* CCSprite.m */; };
		A64BD40310D5F3C10090526C /* CCSpriteFrame.m in Sources */ = {isa = PBXBuildFile; fileRef = A64BD3AA10D5F3C00090526C /* CCSpriteFrame.m */; };
		A64BD40410D5F3C10090526C /* CCSpriteFrameCache.m in Sources */ = {isa = PBXBuildFile; fileRef = A64BD3AC10D5F3C00090526C /* CCSpriteFrameCache.m */; };
		A64BD40510D5F3C10090526C /* CCSpriteSheet.m in Sources */ = {isa = PBXBuildFile; fileRef = A64BD3AE10D5F3C00090526C /* CCSpriteSheet.m */; };
		A64BD40610D5F3C10090526C /* CCTexture2D.m in Sources */ = {isa = PBXBuildFile; fileRef = A64BD3B010D5F3C00090526C /* CCTexture2D.m */; };
		A64BD40710D5F3C10090526C /* CCTextureAtlas.m in Sources */ = {isa = PBXBuildFile; fileRef = A64BD3B210D5F3C00090526C /* CCTextureAtlas.m */; };
		A64BD40810D5F3C10090526C /* CCTextureCache.m in Sources */ = {isa = PBXBuildFile; fileRef = A64BD3B410D5F3C00090526C /* CCTextureCache.m */; };
		A64BD40910D5F3C10090526C /* CCTextureNode.m in Sources */ = {isa = PBXBuildFile; fileRef = A64BD3B610D5F3C00090526C /* CCTextureNode.m */; };
		A64BD40A10D5F3C10090526C /* CCTiledGridAction.m in Sources */ = {isa = PBXBuildFile; fileRef = A64BD3B810D5F3C00090526C /* CCTiledGridAction.m */; };
		A64BD40B10D5F3C10090526C /* CCTileMapAtlas.m in Sources */ = {isa = PBXBuildFile; fileRef = A64BD3BA10D5F3C00090526C /* CCTileMapAtlas.m */; };
		A64BD40C10D5F3C10090526C /* CCTMXTiledMap.m in Sources */ = {isa = PBXBuildFile; fileRef = A64BD3BC10D5F3C00090526C /* CCTMXTiledMap.m */; };
		A64BD40D10D5F3C10090526C /* CCTMXXMLParser.m in Sources */ = {isa = PBXBuildFile; fileRef = A64BD3BE10D5F3C00090526C /* CCTMXXMLParser.m */; };
		A64BD40E10D5F3C10090526C /* CCTouchDispatcher.m in Sources */ = {isa = PBXBuildFile; fileRef = A64BD3C110D5F3C00090526C /* CCTouchDispatcher.m */; };
		A64BD40F10D5F3C10090526C /* CCTouchHandler.m in Sources */ = {isa = PBXBuildFile; fileRef = A64BD3C310D5F3C00090526C /* CCTouchHandler.m */; };
		A64BD41010D5F3C10090526C /* CCTransition.m in Sources */ = {isa = PBXBuildFile; fileRef = A64BD3C510D5F3C00090526C /* CCTransition.m */; };
		A64BD41110D5F3C10090526C /* cocos2d.m in Sources */ = {isa = PBXBuildFile; fileRef = A64BD3C810D5F3C10090526C /* cocos2d.m */; };
		A64BD41210D5F3C10090526C /* base64.c in Sources */ = {isa = PBXBuildFile; fileRef = A64BD3CA10D5F3C10090526C /* base64.c */; };
		A64BD41310D5F3C10090526C /* ccHashSet.m in Sources */ = {isa = PBXBuildFile; fileRef = A64BD3CF10D5F3C10090526C /* ccHashSet.m */; };
		A64BD41410D5F3C10090526C /* CGPointExtension.m in Sources */ = {isa = PBXBuildFile; fileRef = A64BD3D110D5F3C10090526C /* CGPointExtension.m */; };
		A64BD41510D5F3C10090526C /* EAGLView.m in Sources */ = {isa = PBXBuildFile; fileRef = A64BD3D310D5F3C10090526C /* EAGLView.m */; };
		A64BD41610D5F3C10090526C /* FileUtils.m in Sources */ = {isa = PBXBuildFile; fileRef = A64BD3D510D5F3C10090526C /* FileUtils.m */; };
		A64BD41710D5F3C10090526C /* glu.c in Sources */ = {isa = PBXBuildFile; fileRef = A64BD3D610D5F3C10090526C /* glu.c */; };
		A64BD41810D5F3C10090526C /* TGAlib.m in Sources */ = {isa = PBXBuildFile; fileRef = A64BD3DA10D5F3C10090526C /* TGAlib.m */; };
		A64BD41910D5F3C10090526C /* TransformUtils.m in Sources */ = {isa = PBXBuildFile; fileRef = A64BD3DC10D5F3C10090526C /* TransformUtils.m */; };
		A64BD41A10D5F3C10090526C /* ZipUtils.m in Sources */ = {isa = PBXBuildFile; fileRef = A64BD3DE10D5F3C10090526C /* ZipUtils.m */; };
		A64BD44210D5F5B60090526C /* FontLabel.m in Sources */ = {isa = PBXBuildFile; fileRef = A64BD43810D5F5B60090526C /* FontLabel.m */; };
		A64BD44310D5F5B60090526C /* FontLabelStringDrawing.m in Sources */ = {isa = PBXBuildFile; fileRef = A64BD43A10D5F5B60090526C /* FontLabelStringDrawing.m */; };
		A64BD44410D5F5B60090526C /* FontManager.m in Sources */ = {isa = PBXBuildFile; fileRef = A64BD43C10D5F5B60090526C /* FontManager.m */; };
		A64BD44510D5F5B60090526C /* ZAttributedString.m in Sources */ = {isa = PBXBuildFile; fileRef = A64BD43E10D5F5B60090526C /* ZAttributedString.m */; };
		A64BD44610D5F5B60090526C /* ZFont.m in Sources */ = {isa = PBXBuildFile; fileRef = A64BD44110D5F5B60090526C /* ZFont.m */; };
		A65371401028CC6200651DC9 /* chipmunk.c in Sources */ = {isa = PBXBuildFile; fileRef = A65371091028CC6200651DC9 /* chipmunk.c */; };
		A65371411028CC6200651DC9 /* CMakeLists.txt in Resources */ = {isa = PBXBuildFile; fileRef = A653710D1028CC6200651DC9 /* CMakeLists.txt */; };
		A65371431028CC6200651DC9 /* cpConstraint.c in Sources */ = {isa = PBXBuildFile; fileRef = A65371111028CC6200651DC9 /* cpConstraint.c */; };
		A65371441028CC6200651DC9 /* cpDampedRotarySpring.c in Sources */ = {isa = PBXBuildFile; fileRef = A65371131028CC6200651DC9 /* cpDampedRotarySpring.c */; };
		A65371451028CC6200651DC9 /* cpDampedSpring.c in Sources */ = {isa = PBXBuildFile; fileRef = A65371151028CC6200651DC9 /* cpDampedSpring.c */; };
		A65371461028CC6200651DC9 /* cpGearJoint.c in Sources */ = {isa = PBXBuildFile; fileRef = A65371171028CC6200651DC9 /* cpGearJoint.c */; };
		A65371471028CC6200651DC9 /* cpGrooveJoint.c in Sources */ = {isa = PBXBuildFile; fileRef = A65371191028CC6200651DC9 /* cpGrooveJoint.c */; };
		A65371481028CC6200651DC9 /* cpPinJoint.c in Sources */ = {isa = PBXBuildFile; fileRef = A653711B1028CC6200651DC9 /* cpPinJoint.c */; };
		A65371491028CC6200651DC9 /* cpPivotJoint.c in Sources */ = {isa = PBXBuildFile; fileRef = A653711D1028CC6200651DC9 /* cpPivotJoint.c */; };
		A653714A1028CC6200651DC9 /* cpRatchetJoint.c in Sources */ = {isa = PBXBuildFile; fileRef = A653711F1028CC6200651DC9 /* cpRatchetJoint.c */; };
		A653714B1028CC6200651DC9 /* cpRotaryLimitJoint.c in Sources */ = {isa = PBXBuildFile; fileRef = A65371211028CC6200651DC9 /* cpRotaryLimitJoint.c */; };
		A653714C1028CC6200651DC9 /* cpSimpleMotor.c in Sources */ = {isa = PBXBuildFile; fileRef = A65371231028CC6200651DC9 /* cpSimpleMotor.c */; };
		A653714D1028CC6200651DC9 /* cpSlideJoint.c in Sources */ = {isa = PBXBuildFile; fileRef = A65371251028CC6200651DC9 /* cpSlideJoint.c */; };
		A653714E1028CC6200651DC9 /* cpArbiter.c in Sources */ = {isa = PBXBuildFile; fileRef = A65371281028CC6200651DC9 /* cpArbiter.c */; };
		A653714F1028CC6200651DC9 /* cpArray.c in Sources */ = {isa = PBXBuildFile; fileRef = A653712A1028CC6200651DC9 /* cpArray.c */; };
		A65371501028CC6200651DC9 /* cpBB.c in Sources */ = {isa = PBXBuildFile; fileRef = A653712C1028CC6200651DC9 /* cpBB.c */; };
		A65371511028CC6200651DC9 /* cpBody.c in Sources */ = {isa = PBXBuildFile; fileRef = A653712E1028CC6200651DC9 /* cpBody.c */; };
		A65371521028CC6200651DC9 /* cpCollision.c in Sources */ = {isa = PBXBuildFile; fileRef = A65371301028CC6200651DC9 /* cpCollision.c */; };
		A65371531028CC6200651DC9 /* cpHashSet.c in Sources */ = {isa = PBXBuildFile; fileRef = A65371321028CC6200651DC9 /* cpHashSet.c */; };
		A65371541028CC6200651DC9 /* cpPolyShape.c in Sources */ = {isa = PBXBuildFile; fileRef = A65371341028CC6200651DC9 /* cpPolyShape.c */; };
		A65371551028CC6200651DC9 /* cpShape.c in Sources */ = {isa = PBXBuildFile; fileRef = A65371361028CC6200651DC9 /* cpShape.c */; };
		A65371561028CC6200651DC9 /* cpSpace.c in Sources */ = {isa = PBXBuildFile; fileRef = A65371381028CC6200651DC9 /* cpSpace.c */; };
		A65371571028CC6200651DC9 /* cpSpaceHash.c in Sources */ = {isa = PBXBuildFile; fileRef = A653713A1028CC6200651DC9 /* cpSpaceHash.c */; };
		A65371581028CC6200651DC9 /* cpVect.c in Sources */ = {isa = PBXBuildFile; fileRef = A653713C1028CC6200651DC9 /* cpVect.c */; };
		A65371591028CC6200651DC9 /* SConscript in Resources */ = {isa = PBXBuildFile; fileRef = A653713F1028CC6200651DC9 /* SConscript */; };
		A66F2AE4106337A100BA0DB3 /* fps_images.png in Resources */ = {isa = PBXBuildFile; fileRef = A66F2AE3106337A100BA0DB3 /* fps_images.png */; };
		A6727B63101F3EC500557968 /* staticcircle.png in Resources */ = {isa = PBXBuildFile; fileRef = A6727B61101F3EC500557968 /* staticcircle.png */; };
		A6727B64101F3EC500557968 /* staticrect.png in Resources */ = {isa = PBXBuildFile; fileRef = A6727B62101F3EC500557968 /* staticrect.png */; };
		A687E33F10D736A500163E9A /* cpCCNode.m in Sources */ = {isa = PBXBuildFile; fileRef = A687E33E10D736A500163E9A /* cpCCNode.m */; };
		A698F19B1062702B00BFB454 /* libz.dylib in Frameworks */ = {isa = PBXBuildFile; fileRef = A698F19A1062702B00BFB454 /* libz.dylib */; };
		A698F1C71062707B00BFB454 /* ANNOUNCE in Resources */ = {isa = PBXBuildFile; fileRef = A698F1AD1062707B00BFB454 /* ANNOUNCE */; };
		A698F1C81062707B00BFB454 /* CHANGES in Resources */ = {isa = PBXBuildFile; fileRef = A698F1AE1062707B00BFB454 /* CHANGES */; };
		A698F1C91062707B00BFB454 /* libpng-1.2.38.txt in Resources */ = {isa = PBXBuildFile; fileRef = A698F1AF1062707B00BFB454 /* libpng-1.2.38.txt */; };
		A698F1CA1062707B00BFB454 /* LICENSE in Resources */ = {isa = PBXBuildFile; fileRef = A698F1B01062707B00BFB454 /* LICENSE */; };
		A698F1CB1062707B00BFB454 /* png.c in Sources */ = {isa = PBXBuildFile; fileRef = A698F1B11062707B00BFB454 /* png.c */; };
		A698F1CC1062707B00BFB454 /* pngerror.c in Sources */ = {isa = PBXBuildFile; fileRef = A698F1B41062707B00BFB454 /* pngerror.c */; };
		A698F1CD1062707B00BFB454 /* pnggccrd.c in Sources */ = {isa = PBXBuildFile; fileRef = A698F1B51062707B00BFB454 /* pnggccrd.c */; };
		A698F1CE1062707B00BFB454 /* pngget.c in Sources */ = {isa = PBXBuildFile; fileRef = A698F1B61062707B00BFB454 /* pngget.c */; };
		A698F1CF1062707B00BFB454 /* pngmem.c in Sources */ = {isa = PBXBuildFile; fileRef = A698F1B71062707B00BFB454 /* pngmem.c */; };
		A698F1D01062707B00BFB454 /* pngpread.c in Sources */ = {isa = PBXBuildFile; fileRef = A698F1B81062707B00BFB454 /* pngpread.c */; };
		A698F1D11062707B00BFB454 /* pngread.c in Sources */ = {isa = PBXBuildFile; fileRef = A698F1B91062707B00BFB454 /* pngread.c */; };
		A698F1D21062707B00BFB454 /* pngrio.c in Sources */ = {isa = PBXBuildFile; fileRef = A698F1BA1062707B00BFB454 /* pngrio.c */; };
		A698F1D31062707B00BFB454 /* pngrtran.c in Sources */ = {isa = PBXBuildFile; fileRef = A698F1BB1062707B00BFB454 /* pngrtran.c */; };
		A698F1D41062707B00BFB454 /* pngrutil.c in Sources */ = {isa = PBXBuildFile; fileRef = A698F1BC1062707B00BFB454 /* pngrutil.c */; };
		A698F1D51062707B00BFB454 /* pngset.c in Sources */ = {isa = PBXBuildFile; fileRef = A698F1BD1062707B00BFB454 /* pngset.c */; };
		A698F1D71062707B00BFB454 /* pngtrans.c in Sources */ = {isa = PBXBuildFile; fileRef = A698F1BF1062707B00BFB454 /* pngtrans.c */; };
		A698F1D81062707B00BFB454 /* pngvcrd.c in Sources */ = {isa = PBXBuildFile; fileRef = A698F1C01062707B00BFB454 /* pngvcrd.c */; };
		A698F1D91062707B00BFB454 /* pngwio.c in Sources */ = {isa = PBXBuildFile; fileRef = A698F1C11062707B00BFB454 /* pngwio.c */; };
		A698F1DA1062707B00BFB454 /* pngwrite.c in Sources */ = {isa = PBXBuildFile; fileRef = A698F1C21062707B00BFB454 /* pngwrite.c */; };
		A698F1DB1062707B00BFB454 /* pngwtran.c in Sources */ = {isa = PBXBuildFile; fileRef = A698F1C31062707B00BFB454 /* pngwtran.c */; };
		A698F1DC1062707B00BFB454 /* pngwutil.c in Sources */ = {isa = PBXBuildFile; fileRef = A698F1C41062707B00BFB454 /* pngwutil.c */; };
		A698F1DD1062707B00BFB454 /* README in Resources */ = {isa = PBXBuildFile; fileRef = A698F1C51062707B00BFB454 /* README */; };
		A698F1DE1062707B00BFB454 /* TODO in Resources */ = {isa = PBXBuildFile; fileRef = A698F1C61062707B00BFB454 /* TODO */; };
		A698F27C1062C85500BFB454 /* cpConstraintNode.m in Sources */ = {isa = PBXBuildFile; fileRef = A698F2721062C85500BFB454 /* cpConstraintNode.m */; };
		A698F27D1062C85500BFB454 /* cpShapeNode.m in Sources */ = {isa = PBXBuildFile; fileRef = A698F2741062C85500BFB454 /* cpShapeNode.m */; };
		A698F27E1062C85500BFB454 /* cpCCSprite.m in Sources */ = {isa = PBXBuildFile; fileRef = A698F2761062C85500BFB454 /* cpCCSprite.m */; };
		A698F2801062C85500BFB454 /* SpaceManager.m in Sources */ = {isa = PBXBuildFile; fileRef = A698F27A1062C85500BFB454 /* SpaceManager.m */; };
		A6A9BB501063C66200213DA8 /* cpCCNodeImpl.m in Sources */ = {isa = PBXBuildFile; fileRef = A6A9BB4F1063C66200213DA8 /* cpCCNodeImpl.m */; };
		A6AB8DBA10291373002785F7 /* rect.png in Resources */ = {isa = PBXBuildFile; fileRef = A6AB8DB910291373002785F7 /* rect.png */; };
		B2D7CA2F0ECEC52D00721DAB /* OpenGLES.framework in Frameworks */ = {isa = PBXBuildFile; fileRef = B2D7CA2E0ECEC52D00721DAB /* OpenGLES.framework */; };
		B2D7CA310ECEC52D00721DAB /* QuartzCore.framework in Frameworks */ = {isa = PBXBuildFile; fileRef = B2D7CA300ECEC52D00721DAB /* QuartzCore.framework */; };
		C961DD6C0FB921F70097722B /* GameLayer.m in Sources */ = {isa = PBXBuildFile; fileRef = C961DD6B0FB921F70097722B /* GameLayer.m */; };
/* End PBXBuildFile section */

/* Begin PBXFileReference section */
		1D30AB110D05D00D00671497 /* Foundation.framework */ = {isa = PBXFileReference; lastKnownFileType = wrapper.framework; name = Foundation.framework; path = System/Library/Frameworks/Foundation.framework; sourceTree = SDKROOT; };
		1DF5F4DF0D08C38300B7A737 /* UIKit.framework */ = {isa = PBXFileReference; lastKnownFileType = wrapper.framework; name = UIKit.framework; path = System/Library/Frameworks/UIKit.framework; sourceTree = SDKROOT; };
		288765FC0DF74451002DB57D /* CoreGraphics.framework */ = {isa = PBXFileReference; lastKnownFileType = wrapper.framework; name = CoreGraphics.framework; path = System/Library/Frameworks/CoreGraphics.framework; sourceTree = SDKROOT; };
		9974F7130FB2803800D83AEB /* AudioToolbox.framework */ = {isa = PBXFileReference; lastKnownFileType = wrapper.framework; name = AudioToolbox.framework; path = System/Library/Frameworks/AudioToolbox.framework; sourceTree = SDKROOT; };
		9974F7150FB2803800D83AEB /* CoreAudio.framework */ = {isa = PBXFileReference; lastKnownFileType = wrapper.framework; name = CoreAudio.framework; path = System/Library/Frameworks/CoreAudio.framework; sourceTree = SDKROOT; };
		9974F7170FB2803800D83AEB /* OpenAL.framework */ = {isa = PBXFileReference; lastKnownFileType = wrapper.framework; name = OpenAL.framework; path = System/Library/Frameworks/OpenAL.framework; sourceTree = SDKROOT; };
		99B89A4F0F9E6E6F0034B3BB /* splash_developed_by.png */ = {isa = PBXFileReference; lastKnownFileType = image.png; path = splash_developed_by.png; sourceTree = "<group>"; };
		99B89A510F9E6E6F0034B3BB /* GameDelegate.h */ = {isa = PBXFileReference; fileEncoding = 4; lastKnownFileType = sourcecode.c.h; path = GameDelegate.h; sourceTree = "<group>"; };
		99B89A520F9E6E6F0034B3BB /* GameDelegate.m */ = {isa = PBXFileReference; fileEncoding = 4; lastKnownFileType = sourcecode.c.objc; path = GameDelegate.m; sourceTree = "<group>"; };
		99B89A530F9E6E6F0034B3BB /* GamePrefix.pch */ = {isa = PBXFileReference; fileEncoding = 4; lastKnownFileType = sourcecode.c.h; path = GamePrefix.pch; sourceTree = "<group>"; };
		99B89A560F9E6E6F0034B3BB /* main.m */ = {isa = PBXFileReference; fileEncoding = 4; lastKnownFileType = sourcecode.c.objc; path = main.m; sourceTree = "<group>"; };
		99B89AEF0F9E6E6F0034B3BB /* Icon.png */ = {isa = PBXFileReference; lastKnownFileType = image.png; path = Icon.png; sourceTree = "<group>"; };
		99B89B420F9E6EB90034B3BB /* AVFoundation.framework */ = {isa = PBXFileReference; lastKnownFileType = wrapper.framework; name = AVFoundation.framework; path = System/Library/Frameworks/AVFoundation.framework; sourceTree = SDKROOT; };
		A63E6972101DFF8B00468EA6 /* Example.app */ = {isa = PBXFileReference; explicitFileType = wrapper.application; includeInIndex = 0; path = Example.app; sourceTree = BUILT_PRODUCTS_DIR; };
		A63E697E101E006200468EA6 /* ball.png */ = {isa = PBXFileReference; lastKnownFileType = image.png; path = ball.png; sourceTree = "<group>"; };
		A64BD35D10D5F3C00090526C /* CCAction.h */ = {isa = PBXFileReference; fileEncoding = 4; lastKnownFileType = sourcecode.c.h; path = CCAction.h; sourceTree = "<group>"; };
		A64BD35E10D5F3C00090526C /* CCAction.m */ = {isa = PBXFileReference; fileEncoding = 4; lastKnownFileType = sourcecode.c.objc; path = CCAction.m; sourceTree = "<group>"; };
		A64BD35F10D5F3C00090526C /* CCActionManager.h */ = {isa = PBXFileReference; fileEncoding = 4; lastKnownFileType = sourcecode.c.h; path = CCActionManager.h; sourceTree = "<group>"; };
		A64BD36010D5F3C00090526C /* CCActionManager.m */ = {isa = PBXFileReference; fileEncoding = 4; lastKnownFileType = sourcecode.c.objc; path = CCActionManager.m; sourceTree = "<group>"; };
		A64BD36110D5F3C00090526C /* CCAtlasNode.h */ = {isa = PBXFileReference; fileEncoding = 4; lastKnownFileType = sourcecode.c.h; path = CCAtlasNode.h; sourceTree = "<group>"; };
		A64BD36210D5F3C00090526C /* CCAtlasNode.m */ = {isa = PBXFileReference; fileEncoding = 4; lastKnownFileType = sourcecode.c.objc; path = CCAtlasNode.m; sourceTree = "<group>"; };
		A64BD36310D5F3C00090526C /* CCBitmapFontAtlas.h */ = {isa = PBXFileReference; fileEncoding = 4; lastKnownFileType = sourcecode.c.h; path = CCBitmapFontAtlas.h; sourceTree = "<group>"; };
		A64BD36410D5F3C00090526C /* CCBitmapFontAtlas.m */ = {isa = PBXFileReference; fileEncoding = 4; lastKnownFileType = sourcecode.c.objc; path = CCBitmapFontAtlas.m; sourceTree = "<group>"; };
		A64BD36510D5F3C00090526C /* CCCamera.h */ = {isa = PBXFileReference; fileEncoding = 4; lastKnownFileType = sourcecode.c.h; path = CCCamera.h; sourceTree = "<group>"; };
		A64BD36610D5F3C00090526C /* CCCamera.m */ = {isa = PBXFileReference; fileEncoding = 4; lastKnownFileType = sourcecode.c.objc; path = CCCamera.m; sourceTree = "<group>"; };
		A64BD36710D5F3C00090526C /* CCCameraAction.h */ = {isa = PBXFileReference; fileEncoding = 4; lastKnownFileType = sourcecode.c.h; path = CCCameraAction.h; sourceTree = "<group>"; };
		A64BD36810D5F3C00090526C /* CCCameraAction.m */ = {isa = PBXFileReference; fileEncoding = 4; lastKnownFileType = sourcecode.c.objc; path = CCCameraAction.m; sourceTree = "<group>"; };
		A64BD36910D5F3C00090526C /* CCCompatibility.h */ = {isa = PBXFileReference; fileEncoding = 4; lastKnownFileType = sourcecode.c.h; path = CCCompatibility.h; sourceTree = "<group>"; };
		A64BD36A10D5F3C00090526C /* CCCompatibility.m */ = {isa = PBXFileReference; fileEncoding = 4; lastKnownFileType = sourcecode.c.objc; path = CCCompatibility.m; sourceTree = "<group>"; };
		A64BD36B10D5F3C00090526C /* ccConfig.h */ = {isa = PBXFileReference; fileEncoding = 4; lastKnownFileType = sourcecode.c.h; path = ccConfig.h; sourceTree = "<group>"; };
		A64BD36C10D5F3C00090526C /* CCDirector.h */ = {isa = PBXFileReference; fileEncoding = 4; lastKnownFileType = sourcecode.c.h; path = CCDirector.h; sourceTree = "<group>"; };
		A64BD36D10D5F3C00090526C /* CCDirector.m */ = {isa = PBXFileReference; fileEncoding = 4; lastKnownFileType = sourcecode.c.objc; path = CCDirector.m; sourceTree = "<group>"; };
		A64BD36E10D5F3C00090526C /* CCDrawingPrimitives.h */ = {isa = PBXFileReference; fileEncoding = 4; lastKnownFileType = sourcecode.c.h; path = CCDrawingPrimitives.h; sourceTree = "<group>"; };
		A64BD36F10D5F3C00090526C /* CCDrawingPrimitives.m */ = {isa = PBXFileReference; fileEncoding = 4; lastKnownFileType = sourcecode.c.objc; path = CCDrawingPrimitives.m; sourceTree = "<group>"; };
		A64BD37010D5F3C00090526C /* CCEaseAction.h */ = {isa = PBXFileReference; fileEncoding = 4; lastKnownFileType = sourcecode.c.h; path = CCEaseAction.h; sourceTree = "<group>"; };
		A64BD37110D5F3C00090526C /* CCEaseAction.m */ = {isa = PBXFileReference; fileEncoding = 4; lastKnownFileType = sourcecode.c.objc; path = CCEaseAction.m; sourceTree = "<group>"; };
		A64BD37210D5F3C00090526C /* ccExceptions.h */ = {isa = PBXFileReference; fileEncoding = 4; lastKnownFileType = sourcecode.c.h; path = ccExceptions.h; sourceTree = "<group>"; };
		A64BD37310D5F3C00090526C /* CCGrabber.h */ = {isa = PBXFileReference; fileEncoding = 4; lastKnownFileType = sourcecode.c.h; path = CCGrabber.h; sourceTree = "<group>"; };
		A64BD37410D5F3C00090526C /* CCGrabber.m */ = {isa = PBXFileReference; fileEncoding = 4; lastKnownFileType = sourcecode.c.objc; path = CCGrabber.m; sourceTree = "<group>"; };
		A64BD37510D5F3C00090526C /* CCGrid.h */ = {isa = PBXFileReference; fileEncoding = 4; lastKnownFileType = sourcecode.c.h; path = CCGrid.h; sourceTree = "<group>"; };
		A64BD37610D5F3C00090526C /* CCGrid.m */ = {isa = PBXFileReference; fileEncoding = 4; lastKnownFileType = sourcecode.c.objc; path = CCGrid.m; sourceTree = "<group>"; };
		A64BD37710D5F3C00090526C /* CCGrid3DAction.h */ = {isa = PBXFileReference; fileEncoding = 4; lastKnownFileType = sourcecode.c.h; path = CCGrid3DAction.h; sourceTree = "<group>"; };
		A64BD37810D5F3C00090526C /* CCGrid3DAction.m */ = {isa = PBXFileReference; fileEncoding = 4; lastKnownFileType = sourcecode.c.objc; path = CCGrid3DAction.m; sourceTree = "<group>"; };
		A64BD37910D5F3C00090526C /* CCGridAction.h */ = {isa = PBXFileReference; fileEncoding = 4; lastKnownFileType = sourcecode.c.h; path = CCGridAction.h; sourceTree = "<group>"; };
		A64BD37A10D5F3C00090526C /* CCGridAction.m */ = {isa = PBXFileReference; fileEncoding = 4; lastKnownFileType = sourcecode.c.objc; path = CCGridAction.m; sourceTree = "<group>"; };
		A64BD37B10D5F3C00090526C /* CCInstantAction.h */ = {isa = PBXFileReference; fileEncoding = 4; lastKnownFileType = sourcecode.c.h; path = CCInstantAction.h; sourceTree = "<group>"; };
		A64BD37C10D5F3C00090526C /* CCInstantAction.m */ = {isa = PBXFileReference; fileEncoding = 4; lastKnownFileType = sourcecode.c.objc; path = CCInstantAction.m; sourceTree = "<group>"; };
		A64BD37D10D5F3C00090526C /* CCIntervalAction.h */ = {isa = PBXFileReference; fileEncoding = 4; lastKnownFileType = sourcecode.c.h; path = CCIntervalAction.h; sourceTree = "<group>"; };
		A64BD37E10D5F3C00090526C /* CCIntervalAction.m */ = {isa = PBXFileReference; fileEncoding = 4; lastKnownFileType = sourcecode.c.objc; path = CCIntervalAction.m; sourceTree = "<group>"; };
		A64BD37F10D5F3C00090526C /* CCLabel.h */ = {isa = PBXFileReference; fileEncoding = 4; lastKnownFileType = sourcecode.c.h; path = CCLabel.h; sourceTree = "<group>"; };
		A64BD38010D5F3C00090526C /* CCLabel.m */ = {isa = PBXFileReference; fileEncoding = 4; lastKnownFileType = sourcecode.c.objc; path = CCLabel.m; sourceTree = "<group>"; };
		A64BD38110D5F3C00090526C /* CCLabelAtlas.h */ = {isa = PBXFileReference; fileEncoding = 4; lastKnownFileType = sourcecode.c.h; path = CCLabelAtlas.h; sourceTree = "<group>"; };
		A64BD38210D5F3C00090526C /* CCLabelAtlas.m */ = {isa = PBXFileReference; fileEncoding = 4; lastKnownFileType = sourcecode.c.objc; path = CCLabelAtlas.m; sourceTree = "<group>"; };
		A64BD38310D5F3C00090526C /* CCLayer.h */ = {isa = PBXFileReference; fileEncoding = 4; lastKnownFileType = sourcecode.c.h; path = CCLayer.h; sourceTree = "<group>"; };
		A64BD38410D5F3C00090526C /* CCLayer.m */ = {isa = PBXFileReference; fileEncoding = 4; lastKnownFileType = sourcecode.c.objc; path = CCLayer.m; sourceTree = "<group>"; };
		A64BD38510D5F3C00090526C /* ccMacros.h */ = {isa = PBXFileReference; fileEncoding = 4; lastKnownFileType = sourcecode.c.h; path = ccMacros.h; sourceTree = "<group>"; };
		A64BD38610D5F3C00090526C /* CCMenu.h */ = {isa = PBXFileReference; fileEncoding = 4; lastKnownFileType = sourcecode.c.h; path = CCMenu.h; sourceTree = "<group>"; };
		A64BD38710D5F3C00090526C /* CCMenu.m */ = {isa = PBXFileReference; fileEncoding = 4; lastKnownFileType = sourcecode.c.objc; path = CCMenu.m; sourceTree = "<group>"; };
		A64BD38810D5F3C00090526C /* CCMenuItem.h */ = {isa = PBXFileReference; fileEncoding = 4; lastKnownFileType = sourcecode.c.h; path = CCMenuItem.h; sourceTree = "<group>"; };
		A64BD38910D5F3C00090526C /* CCMenuItem.m */ = {isa = PBXFileReference; fileEncoding = 4; lastKnownFileType = sourcecode.c.objc; path = CCMenuItem.m; sourceTree = "<group>"; };
		A64BD38A10D5F3C00090526C /* CCMotionStreak.h */ = {isa = PBXFileReference; fileEncoding = 4; lastKnownFileType = sourcecode.c.h; path = CCMotionStreak.h; sourceTree = "<group>"; };
		A64BD38B10D5F3C00090526C /* CCMotionStreak.m */ = {isa = PBXFileReference; fileEncoding = 4; lastKnownFileType = sourcecode.c.objc; path = CCMotionStreak.m; sourceTree = "<group>"; };
		A64BD38C10D5F3C00090526C /* CCNode.h */ = {isa = PBXFileReference; fileEncoding = 4; lastKnownFileType = sourcecode.c.h; path = CCNode.h; sourceTree = "<group>"; };
		A64BD38D10D5F3C00090526C /* CCNode.m */ = {isa = PBXFileReference; fileEncoding = 4; lastKnownFileType = sourcecode.c.objc; path = CCNode.m; sourceTree = "<group>"; };
		A64BD38E10D5F3C00090526C /* CCPageTurn3DAction.h */ = {isa = PBXFileReference; fileEncoding = 4; lastKnownFileType = sourcecode.c.h; path = CCPageTurn3DAction.h; sourceTree = "<group>"; };
		A64BD38F10D5F3C00090526C /* CCPageTurn3DAction.m */ = {isa = PBXFileReference; fileEncoding = 4; lastKnownFileType = sourcecode.c.objc; path = CCPageTurn3DAction.m; sourceTree = "<group>"; };
		A64BD39010D5F3C00090526C /* CCPageTurnTransition.h */ = {isa = PBXFileReference; fileEncoding = 4; lastKnownFileType = sourcecode.c.h; path = CCPageTurnTransition.h; sourceTree = "<group>"; };
		A64BD39110D5F3C00090526C /* CCPageTurnTransition.m */ = {isa = PBXFileReference; fileEncoding = 4; lastKnownFileType = sourcecode.c.objc; path = CCPageTurnTransition.m; sourceTree = "<group>"; };
		A64BD39210D5F3C00090526C /* CCParallaxNode.h */ = {isa = PBXFileReference; fileEncoding = 4; lastKnownFileType = sourcecode.c.h; path = CCParallaxNode.h; sourceTree = "<group>"; };
		A64BD39310D5F3C00090526C /* CCParallaxNode.m */ = {isa = PBXFileReference; fileEncoding = 4; lastKnownFileType = sourcecode.c.objc; path = CCParallaxNode.m; sourceTree = "<group>"; };
		A64BD39410D5F3C00090526C /* CCParticleExamples.h */ = {isa = PBXFileReference; fileEncoding = 4; lastKnownFileType = sourcecode.c.h; path = CCParticleExamples.h; sourceTree = "<group>"; };
		A64BD39510D5F3C00090526C /* CCParticleExamples.m */ = {isa = PBXFileReference; fileEncoding = 4; lastKnownFileType = sourcecode.c.objc; path = CCParticleExamples.m; sourceTree = "<group>"; };
		A64BD39610D5F3C00090526C /* CCParticleSystem.h */ = {isa = PBXFileReference; fileEncoding = 4; lastKnownFileType = sourcecode.c.h; path = CCParticleSystem.h; sourceTree = "<group>"; };
		A64BD39710D5F3C00090526C /* CCParticleSystem.m */ = {isa = PBXFileReference; fileEncoding = 4; lastKnownFileType = sourcecode.c.objc; path = CCParticleSystem.m; sourceTree = "<group>"; };
		A64BD39810D5F3C00090526C /* CCPointParticleSystem.h */ = {isa = PBXFileReference; fileEncoding = 4; lastKnownFileType = sourcecode.c.h; path = CCPointParticleSystem.h; sourceTree = "<group>"; };
		A64BD39910D5F3C00090526C /* CCPointParticleSystem.m */ = {isa = PBXFileReference; fileEncoding = 4; lastKnownFileType = sourcecode.c.objc; path = CCPointParticleSystem.m; sourceTree = "<group>"; };
		A64BD39A10D5F3C00090526C /* CCProtocols.h */ = {isa = PBXFileReference; fileEncoding = 4; lastKnownFileType = sourcecode.c.h; path = CCProtocols.h; sourceTree = "<group>"; };
		A64BD39B10D5F3C00090526C /* CCPVRTexture.h */ = {isa = PBXFileReference; fileEncoding = 4; lastKnownFileType = sourcecode.c.h; path = CCPVRTexture.h; sourceTree = "<group>"; };
		A64BD39C10D5F3C00090526C /* CCPVRTexture.m */ = {isa = PBXFileReference; fileEncoding = 4; lastKnownFileType = sourcecode.c.objc; path = CCPVRTexture.m; sourceTree = "<group>"; };
		A64BD39D10D5F3C00090526C /* CCQuadParticleSystem.h */ = {isa = PBXFileReference; fileEncoding = 4; lastKnownFileType = sourcecode.c.h; path = CCQuadParticleSystem.h; sourceTree = "<group>"; };
		A64BD39E10D5F3C00090526C /* CCQuadParticleSystem.m */ = {isa = PBXFileReference; fileEncoding = 4; lastKnownFileType = sourcecode.c.objc; path = CCQuadParticleSystem.m; sourceTree = "<group>"; };
		A64BD39F10D5F3C00090526C /* CCRenderTexture.h */ = {isa = PBXFileReference; fileEncoding = 4; lastKnownFileType = sourcecode.c.h; path = CCRenderTexture.h; sourceTree = "<group>"; };
		A64BD3A010D5F3C00090526C /* CCRenderTexture.m */ = {isa = PBXFileReference; fileEncoding = 4; lastKnownFileType = sourcecode.c.objc; path = CCRenderTexture.m; sourceTree = "<group>"; };
		A64BD3A110D5F3C00090526C /* CCRibbon.h */ = {isa = PBXFileReference; fileEncoding = 4; lastKnownFileType = sourcecode.c.h; path = CCRibbon.h; sourceTree = "<group>"; };
		A64BD3A210D5F3C00090526C /* CCRibbon.m */ = {isa = PBXFileReference; fileEncoding = 4; lastKnownFileType = sourcecode.c.objc; path = CCRibbon.m; sourceTree = "<group>"; };
		A64BD3A310D5F3C00090526C /* CCScene.h */ = {isa = PBXFileReference; fileEncoding = 4; lastKnownFileType = sourcecode.c.h; path = CCScene.h; sourceTree = "<group>"; };
		A64BD3A410D5F3C00090526C /* CCScene.m */ = {isa = PBXFileReference; fileEncoding = 4; lastKnownFileType = sourcecode.c.objc; path = CCScene.m; sourceTree = "<group>"; };
		A64BD3A510D5F3C00090526C /* CCScheduler.h */ = {isa = PBXFileReference; fileEncoding = 4; lastKnownFileType = sourcecode.c.h; path = CCScheduler.h; sourceTree = "<group>"; };
		A64BD3A610D5F3C00090526C /* CCScheduler.m */ = {isa = PBXFileReference; fileEncoding = 4; lastKnownFileType = sourcecode.c.objc; path = CCScheduler.m; sourceTree = "<group>"; };
		A64BD3A710D5F3C00090526C /* CCSprite.h */ = {isa = PBXFileReference; fileEncoding = 4; lastKnownFileType = sourcecode.c.h; path = CCSprite.h; sourceTree = "<group>"; };
		A64BD3A810D5F3C00090526C /* CCSprite.m */ = {isa = PBXFileReference; fileEncoding = 4; lastKnownFileType = sourcecode.c.objc; path = CCSprite.m; sourceTree = "<group>"; };
		A64BD3A910D5F3C00090526C /* CCSpriteFrame.h */ = {isa = PBXFileReference; fileEncoding = 4; lastKnownFileType = sourcecode.c.h; path = CCSpriteFrame.h; sourceTree = "<group>"; };
		A64BD3AA10D5F3C00090526C /* CCSpriteFrame.m */ = {isa = PBXFileReference; fileEncoding = 4; lastKnownFileType = sourcecode.c.objc; path = CCSpriteFrame.m; sourceTree = "<group>"; };
		A64BD3AB10D5F3C00090526C /* CCSpriteFrameCache.h */ = {isa = PBXFileReference; fileEncoding = 4; lastKnownFileType = sourcecode.c.h; path = CCSpriteFrameCache.h; sourceTree = "<group>"; };
		A64BD3AC10D5F3C00090526C /* CCSpriteFrameCache.m */ = {isa = PBXFileReference; fileEncoding = 4; lastKnownFileType = sourcecode.c.objc; path = CCSpriteFrameCache.m; sourceTree = "<group>"; };
		A64BD3AD10D5F3C00090526C /* CCSpriteSheet.h */ = {isa = PBXFileReference; fileEncoding = 4; lastKnownFileType = sourcecode.c.h; path = CCSpriteSheet.h; sourceTree = "<group>"; };
		A64BD3AE10D5F3C00090526C /* CCSpriteSheet.m */ = {isa = PBXFileReference; fileEncoding = 4; lastKnownFileType = sourcecode.c.objc; path = CCSpriteSheet.m; sourceTree = "<group>"; };
		A64BD3AF10D5F3C00090526C /* CCTexture2D.h */ = {isa = PBXFileReference; fileEncoding = 4; lastKnownFileType = sourcecode.c.h; path = CCTexture2D.h; sourceTree = "<group>"; };
		A64BD3B010D5F3C00090526C /* CCTexture2D.m */ = {isa = PBXFileReference; fileEncoding = 4; lastKnownFileType = sourcecode.c.objc; path = CCTexture2D.m; sourceTree = "<group>"; };
		A64BD3B110D5F3C00090526C /* CCTextureAtlas.h */ = {isa = PBXFileReference; fileEncoding = 4; lastKnownFileType = sourcecode.c.h; path = CCTextureAtlas.h; sourceTree = "<group>"; };
		A64BD3B210D5F3C00090526C /* CCTextureAtlas.m */ = {isa = PBXFileReference; fileEncoding = 4; lastKnownFileType = sourcecode.c.objc; path = CCTextureAtlas.m; sourceTree = "<group>"; };
		A64BD3B310D5F3C00090526C /* CCTextureCache.h */ = {isa = PBXFileReference; fileEncoding = 4; lastKnownFileType = sourcecode.c.h; path = CCTextureCache.h; sourceTree = "<group>"; };
		A64BD3B410D5F3C00090526C /* CCTextureCache.m */ = {isa = PBXFileReference; fileEncoding = 4; lastKnownFileType = sourcecode.c.objc; path = CCTextureCache.m; sourceTree = "<group>"; };
		A64BD3B510D5F3C00090526C /* CCTextureNode.h */ = {isa = PBXFileReference; fileEncoding = 4; lastKnownFileType = sourcecode.c.h; path = CCTextureNode.h; sourceTree = "<group>"; };
		A64BD3B610D5F3C00090526C /* CCTextureNode.m */ = {isa = PBXFileReference; fileEncoding = 4; lastKnownFileType = sourcecode.c.objc; path = CCTextureNode.m; sourceTree = "<group>"; };
		A64BD3B710D5F3C00090526C /* CCTiledGridAction.h */ = {isa = PBXFileReference; fileEncoding = 4; lastKnownFileType = sourcecode.c.h; path = CCTiledGridAction.h; sourceTree = "<group>"; };
		A64BD3B810D5F3C00090526C /* CCTiledGridAction.m */ = {isa = PBXFileReference; fileEncoding = 4; lastKnownFileType = sourcecode.c.objc; path = CCTiledGridAction.m; sourceTree = "<group>"; };
		A64BD3B910D5F3C00090526C /* CCTileMapAtlas.h */ = {isa = PBXFileReference; fileEncoding = 4; lastKnownFileType = sourcecode.c.h; path = CCTileMapAtlas.h; sourceTree = "<group>"; };
		A64BD3BA10D5F3C00090526C /* CCTileMapAtlas.m */ = {isa = PBXFileReference; fileEncoding = 4; lastKnownFileType = sourcecode.c.objc; path = CCTileMapAtlas.m; sourceTree = "<group>"; };
		A64BD3BB10D5F3C00090526C /* CCTMXTiledMap.h */ = {isa = PBXFileReference; fileEncoding = 4; lastKnownFileType = sourcecode.c.h; path = CCTMXTiledMap.h; sourceTree = "<group>"; };
		A64BD3BC10D5F3C00090526C /* CCTMXTiledMap.m */ = {isa = PBXFileReference; fileEncoding = 4; lastKnownFileType = sourcecode.c.objc; path = CCTMXTiledMap.m; sourceTree = "<group>"; };
		A64BD3BD10D5F3C00090526C /* CCTMXXMLParser.h */ = {isa = PBXFileReference; fileEncoding = 4; lastKnownFileType = sourcecode.c.h; path = CCTMXXMLParser.h; sourceTree = "<group>"; };
		A64BD3BE10D5F3C00090526C /* CCTMXXMLParser.m */ = {isa = PBXFileReference; fileEncoding = 4; lastKnownFileType = sourcecode.c.objc; path = CCTMXXMLParser.m; sourceTree = "<group>"; };
		A64BD3BF10D5F3C00090526C /* CCTouchDelegateProtocol.h */ = {isa = PBXFileReference; fileEncoding = 4; lastKnownFileType = sourcecode.c.h; path = CCTouchDelegateProtocol.h; sourceTree = "<group>"; };
		A64BD3C010D5F3C00090526C /* CCTouchDispatcher.h */ = {isa = PBXFileReference; fileEncoding = 4; lastKnownFileType = sourcecode.c.h; path = CCTouchDispatcher.h; sourceTree = "<group>"; };
		A64BD3C110D5F3C00090526C /* CCTouchDispatcher.m */ = {isa = PBXFileReference; fileEncoding = 4; lastKnownFileType = sourcecode.c.objc; path = CCTouchDispatcher.m; sourceTree = "<group>"; };
		A64BD3C210D5F3C00090526C /* CCTouchHandler.h */ = {isa = PBXFileReference; fileEncoding = 4; lastKnownFileType = sourcecode.c.h; path = CCTouchHandler.h; sourceTree = "<group>"; };
		A64BD3C310D5F3C00090526C /* CCTouchHandler.m */ = {isa = PBXFileReference; fileEncoding = 4; lastKnownFileType = sourcecode.c.objc; path = CCTouchHandler.m; sourceTree = "<group>"; };
		A64BD3C410D5F3C00090526C /* CCTransition.h */ = {isa = PBXFileReference; fileEncoding = 4; lastKnownFileType = sourcecode.c.h; path = CCTransition.h; sourceTree = "<group>"; };
		A64BD3C510D5F3C00090526C /* CCTransition.m */ = {isa = PBXFileReference; fileEncoding = 4; lastKnownFileType = sourcecode.c.objc; path = CCTransition.m; sourceTree = "<group>"; };
		A64BD3C610D5F3C00090526C /* ccTypes.h */ = {isa = PBXFileReference; fileEncoding = 4; lastKnownFileType = sourcecode.c.h; path = ccTypes.h; sourceTree = "<group>"; };
		A64BD3C710D5F3C00090526C /* cocos2d.h */ = {isa = PBXFileReference; fileEncoding = 4; lastKnownFileType = sourcecode.c.h; path = cocos2d.h; sourceTree = "<group>"; };
		A64BD3C810D5F3C10090526C /* cocos2d.m */ = {isa = PBXFileReference; fileEncoding = 4; lastKnownFileType = sourcecode.c.objc; path = cocos2d.m; sourceTree = "<group>"; };
		A64BD3CA10D5F3C10090526C /* base64.c */ = {isa = PBXFileReference; fileEncoding = 4; lastKnownFileType = sourcecode.c.c; path = base64.c; sourceTree = "<group>"; };
		A64BD3CB10D5F3C10090526C /* base64.h */ = {isa = PBXFileReference; fileEncoding = 4; lastKnownFileType = sourcecode.c.h; path = base64.h; sourceTree = "<group>"; };
		A64BD3CC10D5F3C10090526C /* carray.h */ = {isa = PBXFileReference; fileEncoding = 4; lastKnownFileType = sourcecode.c.h; path = carray.h; sourceTree = "<group>"; };
		A64BD3CD10D5F3C10090526C /* ccArray.h */ = {isa = PBXFileReference; fileEncoding = 4; lastKnownFileType = sourcecode.c.h; path = ccArray.h; sourceTree = "<group>"; };
		A64BD3CE10D5F3C10090526C /* ccHashSet.h */ = {isa = PBXFileReference; fileEncoding = 4; lastKnownFileType = sourcecode.c.h; path = ccHashSet.h; sourceTree = "<group>"; };
		A64BD3CF10D5F3C10090526C /* ccHashSet.m */ = {isa = PBXFileReference; fileEncoding = 4; lastKnownFileType = sourcecode.c.objc; path = ccHashSet.m; sourceTree = "<group>"; };
		A64BD3D010D5F3C10090526C /* CGPointExtension.h */ = {isa = PBXFileReference; fileEncoding = 4; lastKnownFileType = sourcecode.c.h; path = CGPointExtension.h; sourceTree = "<group>"; };
		A64BD3D110D5F3C10090526C /* CGPointExtension.m */ = {isa = PBXFileReference; fileEncoding = 4; lastKnownFileType = sourcecode.c.objc; path = CGPointExtension.m; sourceTree = "<group>"; };
		A64BD3D210D5F3C10090526C /* EAGLView.h */ = {isa = PBXFileReference; fileEncoding = 4; lastKnownFileType = sourcecode.c.h; path = EAGLView.h; sourceTree = "<group>"; };
		A64BD3D310D5F3C10090526C /* EAGLView.m */ = {isa = PBXFileReference; fileEncoding = 4; lastKnownFileType = sourcecode.c.objc; path = EAGLView.m; sourceTree = "<group>"; };
		A64BD3D410D5F3C10090526C /* FileUtils.h */ = {isa = PBXFileReference; fileEncoding = 4; lastKnownFileType = sourcecode.c.h; path = FileUtils.h; sourceTree = "<group>"; };
		A64BD3D510D5F3C10090526C /* FileUtils.m */ = {isa = PBXFileReference; fileEncoding = 4; lastKnownFileType = sourcecode.c.objc; path = FileUtils.m; sourceTree = "<group>"; };
		A64BD3D610D5F3C10090526C /* glu.c */ = {isa = PBXFileReference; fileEncoding = 4; lastKnownFileType = sourcecode.c.c; path = glu.c; sourceTree = "<group>"; };
		A64BD3D710D5F3C10090526C /* glu.h */ = {isa = PBXFileReference; fileEncoding = 4; lastKnownFileType = sourcecode.c.h; path = glu.h; sourceTree = "<group>"; };
		A64BD3D810D5F3C10090526C /* OpenGL_Internal.h */ = {isa = PBXFileReference; fileEncoding = 4; lastKnownFileType = sourcecode.c.h; path = OpenGL_Internal.h; sourceTree = "<group>"; };
		A64BD3D910D5F3C10090526C /* TGAlib.h */ = {isa = PBXFileReference; fileEncoding = 4; lastKnownFileType = sourcecode.c.h; path = TGAlib.h; sourceTree = "<group>"; };
		A64BD3DA10D5F3C10090526C /* TGAlib.m */ = {isa = PBXFileReference; fileEncoding = 4; lastKnownFileType = sourcecode.c.objc; path = TGAlib.m; sourceTree = "<group>"; };
		A64BD3DB10D5F3C10090526C /* TransformUtils.h */ = {isa = PBXFileReference; fileEncoding = 4; lastKnownFileType = sourcecode.c.h; path = TransformUtils.h; sourceTree = "<group>"; };
		A64BD3DC10D5F3C10090526C /* TransformUtils.m */ = {isa = PBXFileReference; fileEncoding = 4; lastKnownFileType = sourcecode.c.objc; path = TransformUtils.m; sourceTree = "<group>"; };
		A64BD3DD10D5F3C10090526C /* ZipUtils.h */ = {isa = PBXFileReference; fileEncoding = 4; lastKnownFileType = sourcecode.c.h; path = ZipUtils.h; sourceTree = "<group>"; };
		A64BD3DE10D5F3C10090526C /* ZipUtils.m */ = {isa = PBXFileReference; fileEncoding = 4; lastKnownFileType = sourcecode.c.objc; path = ZipUtils.m; sourceTree = "<group>"; };
		A64BD43710D5F5B60090526C /* FontLabel.h */ = {isa = PBXFileReference; fileEncoding = 4; lastKnownFileType = sourcecode.c.h; path = FontLabel.h; sourceTree = "<group>"; };
		A64BD43810D5F5B60090526C /* FontLabel.m */ = {isa = PBXFileReference; fileEncoding = 4; lastKnownFileType = sourcecode.c.objc; path = FontLabel.m; sourceTree = "<group>"; };
		A64BD43910D5F5B60090526C /* FontLabelStringDrawing.h */ = {isa = PBXFileReference; fileEncoding = 4; lastKnownFileType = sourcecode.c.h; path = FontLabelStringDrawing.h; sourceTree = "<group>"; };
		A64BD43A10D5F5B60090526C /* FontLabelStringDrawing.m */ = {isa = PBXFileReference; fileEncoding = 4; lastKnownFileType = sourcecode.c.objc; path = FontLabelStringDrawing.m; sourceTree = "<group>"; };
		A64BD43B10D5F5B60090526C /* FontManager.h */ = {isa = PBXFileReference; fileEncoding = 4; lastKnownFileType = sourcecode.c.h; path = FontManager.h; sourceTree = "<group>"; };
		A64BD43C10D5F5B60090526C /* FontManager.m */ = {isa = PBXFileReference; fileEncoding = 4; lastKnownFileType = sourcecode.c.objc; path = FontManager.m; sourceTree = "<group>"; };
		A64BD43D10D5F5B60090526C /* ZAttributedString.h */ = {isa = PBXFileReference; fileEncoding = 4; lastKnownFileType = sourcecode.c.h; path = ZAttributedString.h; sourceTree = "<group>"; };
		A64BD43E10D5F5B60090526C /* ZAttributedString.m */ = {isa = PBXFileReference; fileEncoding = 4; lastKnownFileType = sourcecode.c.objc; path = ZAttributedString.m; sourceTree = "<group>"; };
		A64BD43F10D5F5B60090526C /* ZAttributedStringPrivate.h */ = {isa = PBXFileReference; fileEncoding = 4; lastKnownFileType = sourcecode.c.h; path = ZAttributedStringPrivate.h; sourceTree = "<group>"; };
		A64BD44010D5F5B60090526C /* ZFont.h */ = {isa = PBXFileReference; fileEncoding = 4; lastKnownFileType = sourcecode.c.h; path = ZFont.h; sourceTree = "<group>"; };
		A64BD44110D5F5B60090526C /* ZFont.m */ = {isa = PBXFileReference; fileEncoding = 4; lastKnownFileType = sourcecode.c.objc; path = ZFont.m; sourceTree = "<group>"; };
		A65371091028CC6200651DC9 /* chipmunk.c */ = {isa = PBXFileReference; fileEncoding = 4; lastKnownFileType = sourcecode.c.c; path = chipmunk.c; sourceTree = "<group>"; };
		A653710A1028CC6200651DC9 /* chipmunk.h */ = {isa = PBXFileReference; fileEncoding = 4; lastKnownFileType = sourcecode.c.h; path = chipmunk.h; sourceTree = "<group>"; };
		A653710B1028CC6200651DC9 /* chipmunk_types.h */ = {isa = PBXFileReference; fileEncoding = 4; lastKnownFileType = sourcecode.c.h; path = chipmunk_types.h; sourceTree = "<group>"; };
		A653710C1028CC6200651DC9 /* chipmunk_unsafe.h */ = {isa = PBXFileReference; fileEncoding = 4; lastKnownFileType = sourcecode.c.h; path = chipmunk_unsafe.h; sourceTree = "<group>"; };
		A653710D1028CC6200651DC9 /* CMakeLists.txt */ = {isa = PBXFileReference; fileEncoding = 4; lastKnownFileType = text; path = CMakeLists.txt; sourceTree = "<group>"; };
		A65371111028CC6200651DC9 /* cpConstraint.c */ = {isa = PBXFileReference; fileEncoding = 4; lastKnownFileType = sourcecode.c.c; path = cpConstraint.c; sourceTree = "<group>"; };
		A65371121028CC6200651DC9 /* cpConstraint.h */ = {isa = PBXFileReference; fileEncoding = 4; lastKnownFileType = sourcecode.c.h; path = cpConstraint.h; sourceTree = "<group>"; };
		A65371131028CC6200651DC9 /* cpDampedRotarySpring.c */ = {isa = PBXFileReference; fileEncoding = 4; lastKnownFileType = sourcecode.c.c; path = cpDampedRotarySpring.c; sourceTree = "<group>"; };
		A65371141028CC6200651DC9 /* cpDampedRotarySpring.h */ = {isa = PBXFileReference; fileEncoding = 4; lastKnownFileType = sourcecode.c.h; path = cpDampedRotarySpring.h; sourceTree = "<group>"; };
		A65371151028CC6200651DC9 /* cpDampedSpring.c */ = {isa = PBXFileReference; fileEncoding = 4; lastKnownFileType = sourcecode.c.c; path = cpDampedSpring.c; sourceTree = "<group>"; };
		A65371161028CC6200651DC9 /* cpDampedSpring.h */ = {isa = PBXFileReference; fileEncoding = 4; lastKnownFileType = sourcecode.c.h; path = cpDampedSpring.h; sourceTree = "<group>"; };
		A65371171028CC6200651DC9 /* cpGearJoint.c */ = {isa = PBXFileReference; fileEncoding = 4; lastKnownFileType = sourcecode.c.c; path = cpGearJoint.c; sourceTree = "<group>"; };
		A65371181028CC6200651DC9 /* cpGearJoint.h */ = {isa = PBXFileReference; fileEncoding = 4; lastKnownFileType = sourcecode.c.h; path = cpGearJoint.h; sourceTree = "<group>"; };
		A65371191028CC6200651DC9 /* cpGrooveJoint.c */ = {isa = PBXFileReference; fileEncoding = 4; lastKnownFileType = sourcecode.c.c; path = cpGrooveJoint.c; sourceTree = "<group>"; };
		A653711A1028CC6200651DC9 /* cpGrooveJoint.h */ = {isa = PBXFileReference; fileEncoding = 4; lastKnownFileType = sourcecode.c.h; path = cpGrooveJoint.h; sourceTree = "<group>"; };
		A653711B1028CC6200651DC9 /* cpPinJoint.c */ = {isa = PBXFileReference; fileEncoding = 4; lastKnownFileType = sourcecode.c.c; path = cpPinJoint.c; sourceTree = "<group>"; };
		A653711C1028CC6200651DC9 /* cpPinJoint.h */ = {isa = PBXFileReference; fileEncoding = 4; lastKnownFileType = sourcecode.c.h; path = cpPinJoint.h; sourceTree = "<group>"; };
		A653711D1028CC6200651DC9 /* cpPivotJoint.c */ = {isa = PBXFileReference; fileEncoding = 4; lastKnownFileType = sourcecode.c.c; path = cpPivotJoint.c; sourceTree = "<group>"; };
		A653711E1028CC6200651DC9 /* cpPivotJoint.h */ = {isa = PBXFileReference; fileEncoding = 4; lastKnownFileType = sourcecode.c.h; path = cpPivotJoint.h; sourceTree = "<group>"; };
		A653711F1028CC6200651DC9 /* cpRatchetJoint.c */ = {isa = PBXFileReference; fileEncoding = 4; lastKnownFileType = sourcecode.c.c; path = cpRatchetJoint.c; sourceTree = "<group>"; };
		A65371201028CC6200651DC9 /* cpRatchetJoint.h */ = {isa = PBXFileReference; fileEncoding = 4; lastKnownFileType = sourcecode.c.h; path = cpRatchetJoint.h; sourceTree = "<group>"; };
		A65371211028CC6200651DC9 /* cpRotaryLimitJoint.c */ = {isa = PBXFileReference; fileEncoding = 4; lastKnownFileType = sourcecode.c.c; path = cpRotaryLimitJoint.c; sourceTree = "<group>"; };
		A65371221028CC6200651DC9 /* cpRotaryLimitJoint.h */ = {isa = PBXFileReference; fileEncoding = 4; lastKnownFileType = sourcecode.c.h; path = cpRotaryLimitJoint.h; sourceTree = "<group>"; };
		A65371231028CC6200651DC9 /* cpSimpleMotor.c */ = {isa = PBXFileReference; fileEncoding = 4; lastKnownFileType = sourcecode.c.c; path = cpSimpleMotor.c; sourceTree = "<group>"; };
		A65371241028CC6200651DC9 /* cpSimpleMotor.h */ = {isa = PBXFileReference; fileEncoding = 4; lastKnownFileType = sourcecode.c.h; path = cpSimpleMotor.h; sourceTree = "<group>"; };
		A65371251028CC6200651DC9 /* cpSlideJoint.c */ = {isa = PBXFileReference; fileEncoding = 4; lastKnownFileType = sourcecode.c.c; path = cpSlideJoint.c; sourceTree = "<group>"; };
		A65371261028CC6200651DC9 /* cpSlideJoint.h */ = {isa = PBXFileReference; fileEncoding = 4; lastKnownFileType = sourcecode.c.h; path = cpSlideJoint.h; sourceTree = "<group>"; };
		A65371271028CC6200651DC9 /* util.h */ = {isa = PBXFileReference; fileEncoding = 4; lastKnownFileType = sourcecode.c.h; path = util.h; sourceTree = "<group>"; };
		A65371281028CC6200651DC9 /* cpArbiter.c */ = {isa = PBXFileReference; fileEncoding = 4; lastKnownFileType = sourcecode.c.c; path = cpArbiter.c; sourceTree = "<group>"; };
		A65371291028CC6200651DC9 /* cpArbiter.h */ = {isa = PBXFileReference; fileEncoding = 4; lastKnownFileType = sourcecode.c.h; path = cpArbiter.h; sourceTree = "<group>"; };
		A653712A1028CC6200651DC9 /* cpArray.c */ = {isa = PBXFileReference; fileEncoding = 4; lastKnownFileType = sourcecode.c.c; path = cpArray.c; sourceTree = "<group>"; };
		A653712B1028CC6200651DC9 /* cpArray.h */ = {isa = PBXFileReference; fileEncoding = 4; lastKnownFileType = sourcecode.c.h; path = cpArray.h; sourceTree = "<group>"; };
		A653712C1028CC6200651DC9 /* cpBB.c */ = {isa = PBXFileReference; fileEncoding = 4; lastKnownFileType = sourcecode.c.c; path = cpBB.c; sourceTree = "<group>"; };
		A653712D1028CC6200651DC9 /* cpBB.h */ = {isa = PBXFileReference; fileEncoding = 4; lastKnownFileType = sourcecode.c.h; path = cpBB.h; sourceTree = "<group>"; };
		A653712E1028CC6200651DC9 /* cpBody.c */ = {isa = PBXFileReference; fileEncoding = 4; lastKnownFileType = sourcecode.c.c; path = cpBody.c; sourceTree = "<group>"; };
		A653712F1028CC6200651DC9 /* cpBody.h */ = {isa = PBXFileReference; fileEncoding = 4; lastKnownFileType = sourcecode.c.h; path = cpBody.h; sourceTree = "<group>"; };
		A65371301028CC6200651DC9 /* cpCollision.c */ = {isa = PBXFileReference; fileEncoding = 4; lastKnownFileType = sourcecode.c.c; path = cpCollision.c; sourceTree = "<group>"; };
		A65371311028CC6200651DC9 /* cpCollision.h */ = {isa = PBXFileReference; fileEncoding = 4; lastKnownFileType = sourcecode.c.h; path = cpCollision.h; sourceTree = "<group>"; };
		A65371321028CC6200651DC9 /* cpHashSet.c */ = {isa = PBXFileReference; fileEncoding = 4; lastKnownFileType = sourcecode.c.c; path = cpHashSet.c; sourceTree = "<group>"; };
		A65371331028CC6200651DC9 /* cpHashSet.h */ = {isa = PBXFileReference; fileEncoding = 4; lastKnownFileType = sourcecode.c.h; path = cpHashSet.h; sourceTree = "<group>"; };
		A65371341028CC6200651DC9 /* cpPolyShape.c */ = {isa = PBXFileReference; fileEncoding = 4; lastKnownFileType = sourcecode.c.c; path = cpPolyShape.c; sourceTree = "<group>"; };
		A65371351028CC6200651DC9 /* cpPolyShape.h */ = {isa = PBXFileReference; fileEncoding = 4; lastKnownFileType = sourcecode.c.h; path = cpPolyShape.h; sourceTree = "<group>"; };
		A65371361028CC6200651DC9 /* cpShape.c */ = {isa = PBXFileReference; fileEncoding = 4; lastKnownFileType = sourcecode.c.c; path = cpShape.c; sourceTree = "<group>"; };
		A65371371028CC6200651DC9 /* cpShape.h */ = {isa = PBXFileReference; fileEncoding = 4; lastKnownFileType = sourcecode.c.h; path = cpShape.h; sourceTree = "<group>"; };
		A65371381028CC6200651DC9 /* cpSpace.c */ = {isa = PBXFileReference; fileEncoding = 4; lastKnownFileType = sourcecode.c.c; path = cpSpace.c; sourceTree = "<group>"; };
		A65371391028CC6200651DC9 /* cpSpace.h */ = {isa = PBXFileReference; fileEncoding = 4; lastKnownFileType = sourcecode.c.h; path = cpSpace.h; sourceTree = "<group>"; };
		A653713A1028CC6200651DC9 /* cpSpaceHash.c */ = {isa = PBXFileReference; fileEncoding = 4; lastKnownFileType = sourcecode.c.c; path = cpSpaceHash.c; sourceTree = "<group>"; };
		A653713B1028CC6200651DC9 /* cpSpaceHash.h */ = {isa = PBXFileReference; fileEncoding = 4; lastKnownFileType = sourcecode.c.h; path = cpSpaceHash.h; sourceTree = "<group>"; };
		A653713C1028CC6200651DC9 /* cpVect.c */ = {isa = PBXFileReference; fileEncoding = 4; lastKnownFileType = sourcecode.c.c; path = cpVect.c; sourceTree = "<group>"; };
		A653713D1028CC6200651DC9 /* cpVect.h */ = {isa = PBXFileReference; fileEncoding = 4; lastKnownFileType = sourcecode.c.h; path = cpVect.h; sourceTree = "<group>"; };
		A653713E1028CC6200651DC9 /* prime.h */ = {isa = PBXFileReference; fileEncoding = 4; lastKnownFileType = sourcecode.c.h; path = prime.h; sourceTree = "<group>"; };
		A653713F1028CC6200651DC9 /* SConscript */ = {isa = PBXFileReference; fileEncoding = 4; lastKnownFileType = text; path = SConscript; sourceTree = "<group>"; };
		A66F2AE3106337A100BA0DB3 /* fps_images.png */ = {isa = PBXFileReference; lastKnownFileType = image.png; path = fps_images.png; sourceTree = "<group>"; };
		A6727B61101F3EC500557968 /* staticcircle.png */ = {isa = PBXFileReference; lastKnownFileType = image.png; path = staticcircle.png; sourceTree = "<group>"; };
		A6727B62101F3EC500557968 /* staticrect.png */ = {isa = PBXFileReference; lastKnownFileType = image.png; path = staticrect.png; sourceTree = "<group>"; };
		A687E33D10D736A500163E9A /* cpCCNode.h */ = {isa = PBXFileReference; fileEncoding = 4; lastKnownFileType = sourcecode.c.h; path = cpCCNode.h; sourceTree = "<group>"; };
		A687E33E10D736A500163E9A /* cpCCNode.m */ = {isa = PBXFileReference; fileEncoding = 4; lastKnownFileType = sourcecode.c.objc; path = cpCCNode.m; sourceTree = "<group>"; };
		A698F19A1062702B00BFB454 /* libz.dylib */ = {isa = PBXFileReference; lastKnownFileType = "compiled.mach-o.dylib"; name = libz.dylib; path = usr/lib/libz.dylib; sourceTree = SDKROOT; };
		A698F1AD1062707B00BFB454 /* ANNOUNCE */ = {isa = PBXFileReference; fileEncoding = 4; lastKnownFileType = text; path = ANNOUNCE; sourceTree = "<group>"; };
		A698F1AE1062707B00BFB454 /* CHANGES */ = {isa = PBXFileReference; fileEncoding = 4; lastKnownFileType = text; path = CHANGES; sourceTree = "<group>"; };
		A698F1AF1062707B00BFB454 /* libpng-1.2.38.txt */ = {isa = PBXFileReference; fileEncoding = 4; lastKnownFileType = text; path = "libpng-1.2.38.txt"; sourceTree = "<group>"; };
		A698F1B01062707B00BFB454 /* LICENSE */ = {isa = PBXFileReference; fileEncoding = 4; lastKnownFileType = text; path = LICENSE; sourceTree = "<group>"; };
		A698F1B11062707B00BFB454 /* png.c */ = {isa = PBXFileReference; fileEncoding = 4; lastKnownFileType = sourcecode.c.c; path = png.c; sourceTree = "<group>"; };
		A698F1B21062707B00BFB454 /* png.h */ = {isa = PBXFileReference; fileEncoding = 4; lastKnownFileType = sourcecode.c.h; path = png.h; sourceTree = "<group>"; };
		A698F1B31062707B00BFB454 /* pngconf.h */ = {isa = PBXFileReference; fileEncoding = 4; lastKnownFileType = sourcecode.c.h; path = pngconf.h; sourceTree = "<group>"; };
		A698F1B41062707B00BFB454 /* pngerror.c */ = {isa = PBXFileReference; fileEncoding = 4; lastKnownFileType = sourcecode.c.c; path = pngerror.c; sourceTree = "<group>"; };
		A698F1B51062707B00BFB454 /* pnggccrd.c */ = {isa = PBXFileReference; fileEncoding = 4; lastKnownFileType = sourcecode.c.c; path = pnggccrd.c; sourceTree = "<group>"; };
		A698F1B61062707B00BFB454 /* pngget.c */ = {isa = PBXFileReference; fileEncoding = 4; lastKnownFileType = sourcecode.c.c; path = pngget.c; sourceTree = "<group>"; };
		A698F1B71062707B00BFB454 /* pngmem.c */ = {isa = PBXFileReference; fileEncoding = 4; lastKnownFileType = sourcecode.c.c; path = pngmem.c; sourceTree = "<group>"; };
		A698F1B81062707B00BFB454 /* pngpread.c */ = {isa = PBXFileReference; fileEncoding = 4; lastKnownFileType = sourcecode.c.c; path = pngpread.c; sourceTree = "<group>"; };
		A698F1B91062707B00BFB454 /* pngread.c */ = {isa = PBXFileReference; fileEncoding = 4; lastKnownFileType = sourcecode.c.c; path = pngread.c; sourceTree = "<group>"; };
		A698F1BA1062707B00BFB454 /* pngrio.c */ = {isa = PBXFileReference; fileEncoding = 4; lastKnownFileType = sourcecode.c.c; path = pngrio.c; sourceTree = "<group>"; };
		A698F1BB1062707B00BFB454 /* pngrtran.c */ = {isa = PBXFileReference; fileEncoding = 4; lastKnownFileType = sourcecode.c.c; path = pngrtran.c; sourceTree = "<group>"; };
		A698F1BC1062707B00BFB454 /* pngrutil.c */ = {isa = PBXFileReference; fileEncoding = 4; lastKnownFileType = sourcecode.c.c; path = pngrutil.c; sourceTree = "<group>"; };
		A698F1BD1062707B00BFB454 /* pngset.c */ = {isa = PBXFileReference; fileEncoding = 4; lastKnownFileType = sourcecode.c.c; path = pngset.c; sourceTree = "<group>"; };
		A698F1BF1062707B00BFB454 /* pngtrans.c */ = {isa = PBXFileReference; fileEncoding = 4; lastKnownFileType = sourcecode.c.c; path = pngtrans.c; sourceTree = "<group>"; };
		A698F1C01062707B00BFB454 /* pngvcrd.c */ = {isa = PBXFileReference; fileEncoding = 4; lastKnownFileType = sourcecode.c.c; path = pngvcrd.c; sourceTree = "<group>"; };
		A698F1C11062707B00BFB454 /* pngwio.c */ = {isa = PBXFileReference; fileEncoding = 4; lastKnownFileType = sourcecode.c.c; path = pngwio.c; sourceTree = "<group>"; };
		A698F1C21062707B00BFB454 /* pngwrite.c */ = {isa = PBXFileReference; fileEncoding = 4; lastKnownFileType = sourcecode.c.c; path = pngwrite.c; sourceTree = "<group>"; };
		A698F1C31062707B00BFB454 /* pngwtran.c */ = {isa = PBXFileReference; fileEncoding = 4; lastKnownFileType = sourcecode.c.c; path = pngwtran.c; sourceTree = "<group>"; };
		A698F1C41062707B00BFB454 /* pngwutil.c */ = {isa = PBXFileReference; fileEncoding = 4; lastKnownFileType = sourcecode.c.c; path = pngwutil.c; sourceTree = "<group>"; };
		A698F1C51062707B00BFB454 /* README */ = {isa = PBXFileReference; fileEncoding = 4; lastKnownFileType = text; path = README; sourceTree = "<group>"; };
		A698F1C61062707B00BFB454 /* TODO */ = {isa = PBXFileReference; fileEncoding = 4; lastKnownFileType = text; path = TODO; sourceTree = "<group>"; };
		A698F2711062C85500BFB454 /* cpConstraintNode.h */ = {isa = PBXFileReference; fileEncoding = 4; lastKnownFileType = sourcecode.c.h; path = cpConstraintNode.h; sourceTree = "<group>"; };
		A698F2721062C85500BFB454 /* cpConstraintNode.m */ = {isa = PBXFileReference; fileEncoding = 4; lastKnownFileType = sourcecode.c.objc; path = cpConstraintNode.m; sourceTree = "<group>"; };
		A698F2731062C85500BFB454 /* cpShapeNode.h */ = {isa = PBXFileReference; fileEncoding = 4; lastKnownFileType = sourcecode.c.h; path = cpShapeNode.h; sourceTree = "<group>"; };
		A698F2741062C85500BFB454 /* cpShapeNode.m */ = {isa = PBXFileReference; fileEncoding = 4; lastKnownFileType = sourcecode.c.objc; path = cpShapeNode.m; sourceTree = "<group>"; };
		A698F2751062C85500BFB454 /* cpCCSprite.h */ = {isa = PBXFileReference; fileEncoding = 4; lastKnownFileType = sourcecode.c.h; path = cpCCSprite.h; sourceTree = "<group>"; };
		A698F2761062C85500BFB454 /* cpCCSprite.m */ = {isa = PBXFileReference; fileEncoding = 4; lastKnownFileType = sourcecode.c.objc; path = cpCCSprite.m; sourceTree = "<group>"; };
		A698F2791062C85500BFB454 /* SpaceManager.h */ = {isa = PBXFileReference; fileEncoding = 4; lastKnownFileType = sourcecode.c.h; path = SpaceManager.h; sourceTree = "<group>"; };
		A698F27A1062C85500BFB454 /* SpaceManager.m */ = {isa = PBXFileReference; fileEncoding = 4; lastKnownFileType = sourcecode.c.objc; path = SpaceManager.m; sourceTree = "<group>"; };
		A6A9BB4E1063C66200213DA8 /* cpCCNodeImpl.h */ = {isa = PBXFileReference; fileEncoding = 4; lastKnownFileType = sourcecode.c.h; path = cpCCNodeImpl.h; sourceTree = "<group>"; };
		A6A9BB4F1063C66200213DA8 /* cpCCNodeImpl.m */ = {isa = PBXFileReference; fileEncoding = 4; lastKnownFileType = sourcecode.c.objc; path = cpCCNodeImpl.m; sourceTree = "<group>"; };
		A6AB8DB910291373002785F7 /* rect.png */ = {isa = PBXFileReference; lastKnownFileType = image.png; path = rect.png; sourceTree = "<group>"; };
		B2D7CA2E0ECEC52D00721DAB /* OpenGLES.framework */ = {isa = PBXFileReference; lastKnownFileType = wrapper.framework; name = OpenGLES.framework; path = System/Library/Frameworks/OpenGLES.framework; sourceTree = SDKROOT; };
		B2D7CA300ECEC52D00721DAB /* QuartzCore.framework */ = {isa = PBXFileReference; lastKnownFileType = wrapper.framework; name = QuartzCore.framework; path = System/Library/Frameworks/QuartzCore.framework; sourceTree = SDKROOT; };
		C961DD6A0FB921F70097722B /* GameLayer.h */ = {isa = PBXFileReference; fileEncoding = 4; lastKnownFileType = sourcecode.c.h; path = GameLayer.h; sourceTree = "<group>"; };
		C961DD6B0FB921F70097722B /* GameLayer.m */ = {isa = PBXFileReference; fileEncoding = 4; lastKnownFileType = sourcecode.c.objc; path = GameLayer.m; sourceTree = "<group>"; };
/* End PBXFileReference section */

/* Begin PBXFrameworksBuildPhase section */
		1D60588F0D05DD3D006BFB54 /* Frameworks */ = {
			isa = PBXFrameworksBuildPhase;
			buildActionMask = 2147483647;
			files = (
				1D60589F0D05DD5A006BFB54 /* Foundation.framework in Frameworks */,
				1DF5F4E00D08C38300B7A737 /* UIKit.framework in Frameworks */,
				288765FD0DF74451002DB57D /* CoreGraphics.framework in Frameworks */,
				B2D7CA2F0ECEC52D00721DAB /* OpenGLES.framework in Frameworks */,
				B2D7CA310ECEC52D00721DAB /* QuartzCore.framework in Frameworks */,
				A698F19B1062702B00BFB454 /* libz.dylib in Frameworks */,
			);
			runOnlyForDeploymentPostprocessing = 0;
		};
/* End PBXFrameworksBuildPhase section */

/* Begin PBXGroup section */
		19C28FACFE9D520D11CA2CBB /* Products */ = {
			isa = PBXGroup;
			children = (
				A63E6972101DFF8B00468EA6 /* Example.app */,
			);
			name = Products;
			sourceTree = "<group>";
		};
		29B97314FDCFA39411CA2CEA /* CustomTemplate */ = {
			isa = PBXGroup;
			children = (
				A698F26E1062C85500BFB454 /* Space Manager Src */,
				99B89A4B0F9E6E6F0034B3BB /* Base Source */,
				99B89A5B0F9E6E6F0034B3BB /* External Source */,
				99B89AED0F9E6E6F0034B3BB /* Game Resources */,
				99B89AF40F9E6E6F0034B3BB /* Game Source */,
				29B97323FDCFA39411CA2CEA /* Frameworks */,
				19C28FACFE9D520D11CA2CBB /* Products */,
			);
			name = CustomTemplate;
			sourceTree = "<group>";
		};
		29B97323FDCFA39411CA2CEA /* Frameworks */ = {
			isa = PBXGroup;
			children = (
				A698F19A1062702B00BFB454 /* libz.dylib */,
				9974F7130FB2803800D83AEB /* AudioToolbox.framework */,
				9974F7150FB2803800D83AEB /* CoreAudio.framework */,
				9974F7170FB2803800D83AEB /* OpenAL.framework */,
				99B89B420F9E6EB90034B3BB /* AVFoundation.framework */,
				1DF5F4DF0D08C38300B7A737 /* UIKit.framework */,
				1D30AB110D05D00D00671497 /* Foundation.framework */,
				288765FC0DF74451002DB57D /* CoreGraphics.framework */,
				B2D7CA2E0ECEC52D00721DAB /* OpenGLES.framework */,
				B2D7CA300ECEC52D00721DAB /* QuartzCore.framework */,
			);
			name = Frameworks;
			sourceTree = "<group>";
		};
		99B89A4B0F9E6E6F0034B3BB /* Base Source */ = {
			isa = PBXGroup;
			children = (
				99B89A4C0F9E6E6F0034B3BB /* Base Resources */,
				99B89A510F9E6E6F0034B3BB /* GameDelegate.h */,
				99B89A520F9E6E6F0034B3BB /* GameDelegate.m */,
				99B89A530F9E6E6F0034B3BB /* GamePrefix.pch */,
				99B89A560F9E6E6F0034B3BB /* main.m */,
			);
			path = "Base Source";
			sourceTree = "<group>";
		};
		99B89A4C0F9E6E6F0034B3BB /* Base Resources */ = {
			isa = PBXGroup;
			children = (
				99B89A4F0F9E6E6F0034B3BB /* splash_developed_by.png */,
			);
			path = "Base Resources";
			sourceTree = "<group>";
		};
		99B89A5B0F9E6E6F0034B3BB /* External Source */ = {
			isa = PBXGroup;
			children = (
				A64BD35C10D5F3C00090526C /* cocos2d */,
				A66F2AE2106337A100BA0DB3 /* resources */,
				99B89ABC0F9E6E6F0034B3BB /* external */,
			);
			path = "External Source";
			sourceTree = "<group>";
		};
		99B89ABC0F9E6E6F0034B3BB /* external */ = {
			isa = PBXGroup;
			children = (
				A64BD43610D5F5B60090526C /* FontLabel */,
				A698F1AC1062707B00BFB454 /* libpng */,
				A65371081028CC6200651DC9 /* Chipmunk */,
			);
			path = external;
			sourceTree = "<group>";
		};
		99B89AED0F9E6E6F0034B3BB /* Game Resources */ = {
			isa = PBXGroup;
			children = (
				A63E697D101E006200468EA6 /* Images */,
				99B89AEE0F9E6E6F0034B3BB /* Icon */,
			);
			path = "Game Resources";
			sourceTree = "<group>";
		};
		99B89AEE0F9E6E6F0034B3BB /* Icon */ = {
			isa = PBXGroup;
			children = (
				99B89AEF0F9E6E6F0034B3BB /* Icon.png */,
			);
			path = Icon;
			sourceTree = "<group>";
		};
		99B89AF40F9E6E6F0034B3BB /* Game Source */ = {
			isa = PBXGroup;
			children = (
				C961DD6A0FB921F70097722B /* GameLayer.h */,
				C961DD6B0FB921F70097722B /* GameLayer.m */,
			);
			path = "Game Source";
			sourceTree = "<group>";
		};
		A63E697D101E006200468EA6 /* Images */ = {
			isa = PBXGroup;
			children = (
				A6AB8DB910291373002785F7 /* rect.png */,
				A6727B61101F3EC500557968 /* staticcircle.png */,
				A6727B62101F3EC500557968 /* staticrect.png */,
				A63E697E101E006200468EA6 /* ball.png */,
			);
			path = Images;
			sourceTree = "<group>";
		};
		A64BD35C10D5F3C00090526C /* cocos2d */ = {
			isa = PBXGroup;
			children = (
				A64BD35D10D5F3C00090526C /* CCAction.h */,
				A64BD35E10D5F3C00090526C /* CCAction.m */,
				A64BD35F10D5F3C00090526C /* CCActionManager.h */,
				A64BD36010D5F3C00090526C /* CCActionManager.m */,
				A64BD36110D5F3C00090526C /* CCAtlasNode.h */,
				A64BD36210D5F3C00090526C /* CCAtlasNode.m */,
				A64BD36310D5F3C00090526C /* CCBitmapFontAtlas.h */,
				A64BD36410D5F3C00090526C /* CCBitmapFontAtlas.m */,
				A64BD36510D5F3C00090526C /* CCCamera.h */,
				A64BD36610D5F3C00090526C /* CCCamera.m */,
				A64BD36710D5F3C00090526C /* CCCameraAction.h */,
				A64BD36810D5F3C00090526C /* CCCameraAction.m */,
				A64BD36910D5F3C00090526C /* CCCompatibility.h */,
				A64BD36A10D5F3C00090526C /* CCCompatibility.m */,
				A64BD36B10D5F3C00090526C /* ccConfig.h */,
				A64BD36C10D5F3C00090526C /* CCDirector.h */,
				A64BD36D10D5F3C00090526C /* CCDirector.m */,
				A64BD36E10D5F3C00090526C /* CCDrawingPrimitives.h */,
				A64BD36F10D5F3C00090526C /* CCDrawingPrimitives.m */,
				A64BD37010D5F3C00090526C /* CCEaseAction.h */,
				A64BD37110D5F3C00090526C /* CCEaseAction.m */,
				A64BD37210D5F3C00090526C /* ccExceptions.h */,
				A64BD37310D5F3C00090526C /* CCGrabber.h */,
				A64BD37410D5F3C00090526C /* CCGrabber.m */,
				A64BD37510D5F3C00090526C /* CCGrid.h */,
				A64BD37610D5F3C00090526C /* CCGrid.m */,
				A64BD37710D5F3C00090526C /* CCGrid3DAction.h */,
				A64BD37810D5F3C00090526C /* CCGrid3DAction.m */,
				A64BD37910D5F3C00090526C /* CCGridAction.h */,
				A64BD37A10D5F3C00090526C /* CCGridAction.m */,
				A64BD37B10D5F3C00090526C /* CCInstantAction.h */,
				A64BD37C10D5F3C00090526C /* CCInstantAction.m */,
				A64BD37D10D5F3C00090526C /* CCIntervalAction.h */,
				A64BD37E10D5F3C00090526C /* CCIntervalAction.m */,
				A64BD37F10D5F3C00090526C /* CCLabel.h */,
				A64BD38010D5F3C00090526C /* CCLabel.m */,
				A64BD38110D5F3C00090526C /* CCLabelAtlas.h */,
				A64BD38210D5F3C00090526C /* CCLabelAtlas.m */,
				A64BD38310D5F3C00090526C /* CCLayer.h */,
				A64BD38410D5F3C00090526C /* CCLayer.m */,
				A64BD38510D5F3C00090526C /* ccMacros.h */,
				A64BD38610D5F3C00090526C /* CCMenu.h */,
				A64BD38710D5F3C00090526C /* CCMenu.m */,
				A64BD38810D5F3C00090526C /* CCMenuItem.h */,
				A64BD38910D5F3C00090526C /* CCMenuItem.m */,
				A64BD38A10D5F3C00090526C /* CCMotionStreak.h */,
				A64BD38B10D5F3C00090526C /* CCMotionStreak.m */,
				A64BD38C10D5F3C00090526C /* CCNode.h */,
				A64BD38D10D5F3C00090526C /* CCNode.m */,
				A64BD38E10D5F3C00090526C /* CCPageTurn3DAction.h */,
				A64BD38F10D5F3C00090526C /* CCPageTurn3DAction.m */,
				A64BD39010D5F3C00090526C /* CCPageTurnTransition.h */,
				A64BD39110D5F3C00090526C /* CCPageTurnTransition.m */,
				A64BD39210D5F3C00090526C /* CCParallaxNode.h */,
				A64BD39310D5F3C00090526C /* CCParallaxNode.m */,
				A64BD39410D5F3C00090526C /* CCParticleExamples.h */,
				A64BD39510D5F3C00090526C /* CCParticleExamples.m */,
				A64BD39610D5F3C00090526C /* CCParticleSystem.h */,
				A64BD39710D5F3C00090526C /* CCParticleSystem.m */,
				A64BD39810D5F3C00090526C /* CCPointParticleSystem.h */,
				A64BD39910D5F3C00090526C /* CCPointParticleSystem.m */,
				A64BD39A10D5F3C00090526C /* CCProtocols.h */,
				A64BD39B10D5F3C00090526C /* CCPVRTexture.h */,
				A64BD39C10D5F3C00090526C /* CCPVRTexture.m */,
				A64BD39D10D5F3C00090526C /* CCQuadParticleSystem.h */,
				A64BD39E10D5F3C00090526C /* CCQuadParticleSystem.m */,
				A64BD39F10D5F3C00090526C /* CCRenderTexture.h */,
				A64BD3A010D5F3C00090526C /* CCRenderTexture.m */,
				A64BD3A110D5F3C00090526C /* CCRibbon.h */,
				A64BD3A210D5F3C00090526C /* CCRibbon.m */,
				A64BD3A310D5F3C00090526C /* CCScene.h */,
				A64BD3A410D5F3C00090526C /* CCScene.m */,
				A64BD3A510D5F3C00090526C /* CCScheduler.h */,
				A64BD3A610D5F3C00090526C /* CCScheduler.m */,
				A64BD3A710D5F3C00090526C /* CCSprite.h */,
				A64BD3A810D5F3C00090526C /* CCSprite.m */,
				A64BD3A910D5F3C00090526C /* CCSpriteFrame.h */,
				A64BD3AA10D5F3C00090526C /* CCSpriteFrame.m */,
				A64BD3AB10D5F3C00090526C /* CCSpriteFrameCache.h */,
				A64BD3AC10D5F3C00090526C /* CCSpriteFrameCache.m */,
				A64BD3AD10D5F3C00090526C /* CCSpriteSheet.h */,
				A64BD3AE10D5F3C00090526C /* CCSpriteSheet.m */,
				A64BD3AF10D5F3C00090526C /* CCTexture2D.h */,
				A64BD3B010D5F3C00090526C /* CCTexture2D.m */,
				A64BD3B110D5F3C00090526C /* CCTextureAtlas.h */,
				A64BD3B210D5F3C00090526C /* CCTextureAtlas.m */,
				A64BD3B310D5F3C00090526C /* CCTextureCache.h */,
				A64BD3B410D5F3C00090526C /* CCTextureCache.m */,
				A64BD3B510D5F3C00090526C /* CCTextureNode.h */,
				A64BD3B610D5F3C00090526C /* CCTextureNode.m */,
				A64BD3B710D5F3C00090526C /* CCTiledGridAction.h */,
				A64BD3B810D5F3C00090526C /* CCTiledGridAction.m */,
				A64BD3B910D5F3C00090526C /* CCTileMapAtlas.h */,
				A64BD3BA10D5F3C00090526C /* CCTileMapAtlas.m */,
				A64BD3BB10D5F3C00090526C /* CCTMXTiledMap.h */,
				A64BD3BC10D5F3C00090526C /* CCTMXTiledMap.m */,
				A64BD3BD10D5F3C00090526C /* CCTMXXMLParser.h */,
				A64BD3BE10D5F3C00090526C /* CCTMXXMLParser.m */,
				A64BD3BF10D5F3C00090526C /* CCTouchDelegateProtocol.h */,
				A64BD3C010D5F3C00090526C /* CCTouchDispatcher.h */,
				A64BD3C110D5F3C00090526C /* CCTouchDispatcher.m */,
				A64BD3C210D5F3C00090526C /* CCTouchHandler.h */,
				A64BD3C310D5F3C00090526C /* CCTouchHandler.m */,
				A64BD3C410D5F3C00090526C /* CCTransition.h */,
				A64BD3C510D5F3C00090526C /* CCTransition.m */,
				A64BD3C610D5F3C00090526C /* ccTypes.h */,
				A64BD3C710D5F3C00090526C /* cocos2d.h */,
				A64BD3C810D5F3C10090526C /* cocos2d.m */,
				A64BD3C910D5F3C10090526C /* Support */,
			);
			path = cocos2d;
			sourceTree = "<group>";
		};
		A64BD3C910D5F3C10090526C /* Support */ = {
			isa = PBXGroup;
			children = (
				A64BD3CA10D5F3C10090526C /* base64.c */,
				A64BD3CB10D5F3C10090526C /* base64.h */,
				A64BD3CC10D5F3C10090526C /* carray.h */,
				A64BD3CD10D5F3C10090526C /* ccArray.h */,
				A64BD3CE10D5F3C10090526C /* ccHashSet.h */,
				A64BD3CF10D5F3C10090526C /* ccHashSet.m */,
				A64BD3D010D5F3C10090526C /* CGPointExtension.h */,
				A64BD3D110D5F3C10090526C /* CGPointExtension.m */,
				A64BD3D210D5F3C10090526C /* EAGLView.h */,
				A64BD3D310D5F3C10090526C /* EAGLView.m */,
				A64BD3D410D5F3C10090526C /* FileUtils.h */,
				A64BD3D510D5F3C10090526C /* FileUtils.m */,
				A64BD3D610D5F3C10090526C /* glu.c */,
				A64BD3D710D5F3C10090526C /* glu.h */,
				A64BD3D810D5F3C10090526C /* OpenGL_Internal.h */,
				A64BD3D910D5F3C10090526C /* TGAlib.h */,
				A64BD3DA10D5F3C10090526C /* TGAlib.m */,
				A64BD3DB10D5F3C10090526C /* TransformUtils.h */,
				A64BD3DC10D5F3C10090526C /* TransformUtils.m */,
				A64BD3DD10D5F3C10090526C /* ZipUtils.h */,
				A64BD3DE10D5F3C10090526C /* ZipUtils.m */,
			);
			path = Support;
			sourceTree = "<group>";
		};
		A64BD43610D5F5B60090526C /* FontLabel */ = {
			isa = PBXGroup;
			children = (
				A64BD43710D5F5B60090526C /* FontLabel.h */,
				A64BD43810D5F5B60090526C /* FontLabel.m */,
				A64BD43910D5F5B60090526C /* FontLabelStringDrawing.h */,
				A64BD43A10D5F5B60090526C /* FontLabelStringDrawing.m */,
				A64BD43B10D5F5B60090526C /* FontManager.h */,
				A64BD43C10D5F5B60090526C /* FontManager.m */,
				A64BD43D10D5F5B60090526C /* ZAttributedString.h */,
				A64BD43E10D5F5B60090526C /* ZAttributedString.m */,
				A64BD43F10D5F5B60090526C /* ZAttributedStringPrivate.h */,
				A64BD44010D5F5B60090526C /* ZFont.h */,
				A64BD44110D5F5B60090526C /* ZFont.m */,
			);
			path = FontLabel;
			sourceTree = "<group>";
		};
		A65371081028CC6200651DC9 /* Chipmunk */ = {
			isa = PBXGroup;
			children = (
				A65371091028CC6200651DC9 /* chipmunk.c */,
				A653710A1028CC6200651DC9 /* chipmunk.h */,
				A653710B1028CC6200651DC9 /* chipmunk_types.h */,
				A653710C1028CC6200651DC9 /* chipmunk_unsafe.h */,
				A653710D1028CC6200651DC9 /* CMakeLists.txt */,
				A653710E1028CC6200651DC9 /* constraints */,
				A65371281028CC6200651DC9 /* cpArbiter.c */,
				A65371291028CC6200651DC9 /* cpArbiter.h */,
				A653712A1028CC6200651DC9 /* cpArray.c */,
				A653712B1028CC6200651DC9 /* cpArray.h */,
				A653712C1028CC6200651DC9 /* cpBB.c */,
				A653712D1028CC6200651DC9 /* cpBB.h */,
				A653712E1028CC6200651DC9 /* cpBody.c */,
				A653712F1028CC6200651DC9 /* cpBody.h */,
				A65371301028CC6200651DC9 /* cpCollision.c */,
				A65371311028CC6200651DC9 /* cpCollision.h */,
				A65371321028CC6200651DC9 /* cpHashSet.c */,
				A65371331028CC6200651DC9 /* cpHashSet.h */,
				A65371341028CC6200651DC9 /* cpPolyShape.c */,
				A65371351028CC6200651DC9 /* cpPolyShape.h */,
				A65371361028CC6200651DC9 /* cpShape.c */,
				A65371371028CC6200651DC9 /* cpShape.h */,
				A65371381028CC6200651DC9 /* cpSpace.c */,
				A65371391028CC6200651DC9 /* cpSpace.h */,
				A653713A1028CC6200651DC9 /* cpSpaceHash.c */,
				A653713B1028CC6200651DC9 /* cpSpaceHash.h */,
				A653713C1028CC6200651DC9 /* cpVect.c */,
				A653713D1028CC6200651DC9 /* cpVect.h */,
				A653713E1028CC6200651DC9 /* prime.h */,
				A653713F1028CC6200651DC9 /* SConscript */,
			);
			path = Chipmunk;
			sourceTree = "<group>";
		};
		A653710E1028CC6200651DC9 /* constraints */ = {
			isa = PBXGroup;
			children = (
				A65371111028CC6200651DC9 /* cpConstraint.c */,
				A65371121028CC6200651DC9 /* cpConstraint.h */,
				A65371131028CC6200651DC9 /* cpDampedRotarySpring.c */,
				A65371141028CC6200651DC9 /* cpDampedRotarySpring.h */,
				A65371151028CC6200651DC9 /* cpDampedSpring.c */,
				A65371161028CC6200651DC9 /* cpDampedSpring.h */,
				A65371171028CC6200651DC9 /* cpGearJoint.c */,
				A65371181028CC6200651DC9 /* cpGearJoint.h */,
				A65371191028CC6200651DC9 /* cpGrooveJoint.c */,
				A653711A1028CC6200651DC9 /* cpGrooveJoint.h */,
				A653711B1028CC6200651DC9 /* cpPinJoint.c */,
				A653711C1028CC6200651DC9 /* cpPinJoint.h */,
				A653711D1028CC6200651DC9 /* cpPivotJoint.c */,
				A653711E1028CC6200651DC9 /* cpPivotJoint.h */,
				A653711F1028CC6200651DC9 /* cpRatchetJoint.c */,
				A65371201028CC6200651DC9 /* cpRatchetJoint.h */,
				A65371211028CC6200651DC9 /* cpRotaryLimitJoint.c */,
				A65371221028CC6200651DC9 /* cpRotaryLimitJoint.h */,
				A65371231028CC6200651DC9 /* cpSimpleMotor.c */,
				A65371241028CC6200651DC9 /* cpSimpleMotor.h */,
				A65371251028CC6200651DC9 /* cpSlideJoint.c */,
				A65371261028CC6200651DC9 /* cpSlideJoint.h */,
				A65371271028CC6200651DC9 /* util.h */,
			);
			path = constraints;
			sourceTree = "<group>";
		};
		A66F2AE2106337A100BA0DB3 /* resources */ = {
			isa = PBXGroup;
			children = (
				A66F2AE3106337A100BA0DB3 /* fps_images.png */,
			);
			path = resources;
			sourceTree = "<group>";
		};
		A698F1AC1062707B00BFB454 /* libpng */ = {
			isa = PBXGroup;
			children = (
				A698F1AD1062707B00BFB454 /* ANNOUNCE */,
				A698F1AE1062707B00BFB454 /* CHANGES */,
				A698F1AF1062707B00BFB454 /* libpng-1.2.38.txt */,
				A698F1B01062707B00BFB454 /* LICENSE */,
				A698F1B11062707B00BFB454 /* png.c */,
				A698F1B21062707B00BFB454 /* png.h */,
				A698F1B31062707B00BFB454 /* pngconf.h */,
				A698F1B41062707B00BFB454 /* pngerror.c */,
				A698F1B51062707B00BFB454 /* pnggccrd.c */,
				A698F1B61062707B00BFB454 /* pngget.c */,
				A698F1B71062707B00BFB454 /* pngmem.c */,
				A698F1B81062707B00BFB454 /* pngpread.c */,
				A698F1B91062707B00BFB454 /* pngread.c */,
				A698F1BA1062707B00BFB454 /* pngrio.c */,
				A698F1BB1062707B00BFB454 /* pngrtran.c */,
				A698F1BC1062707B00BFB454 /* pngrutil.c */,
				A698F1BD1062707B00BFB454 /* pngset.c */,
				A698F1BF1062707B00BFB454 /* pngtrans.c */,
				A698F1C01062707B00BFB454 /* pngvcrd.c */,
				A698F1C11062707B00BFB454 /* pngwio.c */,
				A698F1C21062707B00BFB454 /* pngwrite.c */,
				A698F1C31062707B00BFB454 /* pngwtran.c */,
				A698F1C41062707B00BFB454 /* pngwutil.c */,
				A698F1C51062707B00BFB454 /* README */,
				A698F1C61062707B00BFB454 /* TODO */,
			);
			path = libpng;
			sourceTree = "<group>";
		};
		A698F26E1062C85500BFB454 /* Space Manager Src */ = {
			isa = PBXGroup;
			children = (
				A687E33D10D736A500163E9A /* cpCCNode.h */,
				A687E33E10D736A500163E9A /* cpCCNode.m */,
				A698F2711062C85500BFB454 /* cpConstraintNode.h */,
				A698F2721062C85500BFB454 /* cpConstraintNode.m */,
				A698F2731062C85500BFB454 /* cpShapeNode.h */,
				A698F2741062C85500BFB454 /* cpShapeNode.m */,
				A698F2751062C85500BFB454 /* cpCCSprite.h */,
				A698F2761062C85500BFB454 /* cpCCSprite.m */,
				A698F2791062C85500BFB454 /* SpaceManager.h */,
				A698F27A1062C85500BFB454 /* SpaceManager.m */,
				A6A9BB4E1063C66200213DA8 /* cpCCNodeImpl.h */,
				A6A9BB4F1063C66200213DA8 /* cpCCNodeImpl.m */,
			);
			name = "Space Manager Src";
			path = ../src;
			sourceTree = SOURCE_ROOT;
		};
/* End PBXGroup section */

/* Begin PBXNativeTarget section */
		1D6058900D05DD3D006BFB54 /* Example */ = {
			isa = PBXNativeTarget;
			buildConfigurationList = 1D6058960D05DD3E006BFB54 /* Build configuration list for PBXNativeTarget "Example" */;
			buildPhases = (
				1D60588D0D05DD3D006BFB54 /* Resources */,
				1D60588E0D05DD3D006BFB54 /* Sources */,
				1D60588F0D05DD3D006BFB54 /* Frameworks */,
			);
			buildRules = (
			);
			dependencies = (
			);
			name = Example;
			productName = Particles;
			productReference = A63E6972101DFF8B00468EA6 /* Example.app */;
			productType = "com.apple.product-type.application";
		};
/* End PBXNativeTarget section */

/* Begin PBXProject section */
		29B97313FDCFA39411CA2CEA /* Project object */ = {
			isa = PBXProject;
			buildConfigurationList = C01FCF4E08A954540054247B /* Build configuration list for PBXProject "Example" */;
			compatibilityVersion = "Xcode 3.1";
			hasScannedForEncodings = 1;
			mainGroup = 29B97314FDCFA39411CA2CEA /* CustomTemplate */;
			projectDirPath = "";
			projectRoot = "";
			targets = (
				1D6058900D05DD3D006BFB54 /* Example */,
			);
		};
/* End PBXProject section */

/* Begin PBXResourcesBuildPhase section */
		1D60588D0D05DD3D006BFB54 /* Resources */ = {
			isa = PBXResourcesBuildPhase;
			buildActionMask = 2147483647;
			files = (
				99B89AF70F9E6E6F0034B3BB /* splash_developed_by.png in Resources */,
				99B89B400F9E6E6F0034B3BB /* Icon.png in Resources */,
				A63E697F101E006200468EA6 /* ball.png in Resources */,
				A6727B63101F3EC500557968 /* staticcircle.png in Resources */,
				A6727B64101F3EC500557968 /* staticrect.png in Resources */,
				A65371411028CC6200651DC9 /* CMakeLists.txt in Resources */,
				A65371591028CC6200651DC9 /* SConscript in Resources */,
				A6AB8DBA10291373002785F7 /* rect.png in Resources */,
				A698F1C71062707B00BFB454 /* ANNOUNCE in Resources */,
				A698F1C81062707B00BFB454 /* CHANGES in Resources */,
				A698F1C91062707B00BFB454 /* libpng-1.2.38.txt in Resources */,
				A698F1CA1062707B00BFB454 /* LICENSE in Resources */,
				A698F1DD1062707B00BFB454 /* README in Resources */,
				A698F1DE1062707B00BFB454 /* TODO in Resources */,
				A66F2AE4106337A100BA0DB3 /* fps_images.png in Resources */,
			);
			runOnlyForDeploymentPostprocessing = 0;
		};
/* End PBXResourcesBuildPhase section */

/* Begin PBXSourcesBuildPhase section */
		1D60588E0D05DD3D006BFB54 /* Sources */ = {
			isa = PBXSourcesBuildPhase;
			buildActionMask = 2147483647;
			files = (
				99B89AF90F9E6E6F0034B3BB /* GameDelegate.m in Sources */,
				99B89AFB0F9E6E6F0034B3BB /* main.m in Sources */,
				C961DD6C0FB921F70097722B /* GameLayer.m in Sources */,
				A65371401028CC6200651DC9 /* chipmunk.c in Sources */,
				A65371431028CC6200651DC9 /* cpConstraint.c in Sources */,
				A65371441028CC6200651DC9 /* cpDampedRotarySpring.c in Sources */,
				A65371451028CC6200651DC9 /* cpDampedSpring.c in Sources */,
				A65371461028CC6200651DC9 /* cpGearJoint.c in Sources */,
				A65371471028CC6200651DC9 /* cpGrooveJoint.c in Sources */,
				A65371481028CC6200651DC9 /* cpPinJoint.c in Sources */,
				A65371491028CC6200651DC9 /* cpPivotJoint.c in Sources */,
				A653714A1028CC6200651DC9 /* cpRatchetJoint.c in Sources */,
				A653714B1028CC6200651DC9 /* cpRotaryLimitJoint.c in Sources */,
				A653714C1028CC6200651DC9 /* cpSimpleMotor.c in Sources */,
				A653714D1028CC6200651DC9 /* cpSlideJoint.c in Sources */,
				A653714E1028CC6200651DC9 /* cpArbiter.c in Sources */,
				A653714F1028CC6200651DC9 /* cpArray.c in Sources */,
				A65371501028CC6200651DC9 /* cpBB.c in Sources */,
				A65371511028CC6200651DC9 /* cpBody.c in Sources */,
				A65371521028CC6200651DC9 /* cpCollision.c in Sources */,
				A65371531028CC6200651DC9 /* cpHashSet.c in Sources */,
				A65371541028CC6200651DC9 /* cpPolyShape.c in Sources */,
				A65371551028CC6200651DC9 /* cpShape.c in Sources */,
				A65371561028CC6200651DC9 /* cpSpace.c in Sources */,
				A65371571028CC6200651DC9 /* cpSpaceHash.c in Sources */,
				A65371581028CC6200651DC9 /* cpVect.c in Sources */,
				A698F1CB1062707B00BFB454 /* png.c in Sources */,
				A698F1CC1062707B00BFB454 /* pngerror.c in Sources */,
				A698F1CD1062707B00BFB454 /* pnggccrd.c in Sources */,
				A698F1CE1062707B00BFB454 /* pngget.c in Sources */,
				A698F1CF1062707B00BFB454 /* pngmem.c in Sources */,
				A698F1D01062707B00BFB454 /* pngpread.c in Sources */,
				A698F1D11062707B00BFB454 /* pngread.c in Sources */,
				A698F1D21062707B00BFB454 /* pngrio.c in Sources */,
				A698F1D31062707B00BFB454 /* pngrtran.c in Sources */,
				A698F1D41062707B00BFB454 /* pngrutil.c in Sources */,
				A698F1D51062707B00BFB454 /* pngset.c in Sources */,
				A698F1D71062707B00BFB454 /* pngtrans.c in Sources */,
				A698F1D81062707B00BFB454 /* pngvcrd.c in Sources */,
				A698F1D91062707B00BFB454 /* pngwio.c in Sources */,
				A698F1DA1062707B00BFB454 /* pngwrite.c in Sources */,
				A698F1DB1062707B00BFB454 /* pngwtran.c in Sources */,
				A698F1DC1062707B00BFB454 /* pngwutil.c in Sources */,
				A698F27C1062C85500BFB454 /* cpConstraintNode.m in Sources */,
				A698F27D1062C85500BFB454 /* cpShapeNode.m in Sources */,
				A698F27E1062C85500BFB454 /* cpCCSprite.m in Sources */,
				A698F2801062C85500BFB454 /* SpaceManager.m in Sources */,
				A6A9BB501063C66200213DA8 /* cpCCNodeImpl.m in Sources */,
				A64BD3DF10D5F3C10090526C /* CCAction.m in Sources */,
				A64BD3E010D5F3C10090526C /* CCActionManager.m in Sources */,
				A64BD3E110D5F3C10090526C /* CCAtlasNode.m in Sources */,
				A64BD3E210D5F3C10090526C /* CCBitmapFontAtlas.m in Sources */,
				A64BD3E310D5F3C10090526C /* CCCamera.m in Sources */,
				A64BD3E410D5F3C10090526C /* CCCameraAction.m in Sources */,
				A64BD3E510D5F3C10090526C /* CCCompatibility.m in Sources */,
				A64BD3E610D5F3C10090526C /* CCDirector.m in Sources */,
				A64BD3E710D5F3C10090526C /* CCDrawingPrimitives.m in Sources */,
				A64BD3E810D5F3C10090526C /* CCEaseAction.m in Sources */,
				A64BD3E910D5F3C10090526C /* CCGrabber.m in Sources */,
				A64BD3EA10D5F3C10090526C /* CCGrid.m in Sources */,
				A64BD3EB10D5F3C10090526C /* CCGrid3DAction.m in Sources */,
				A64BD3EC10D5F3C10090526C /* CCGridAction.m in Sources */,
				A64BD3ED10D5F3C10090526C /* CCInstantAction.m in Sources */,
				A64BD3EE10D5F3C10090526C /* CCIntervalAction.m in Sources */,
				A64BD3EF10D5F3C10090526C /* CCLabel.m in Sources */,
				A64BD3F010D5F3C10090526C /* CCLabelAtlas.m in Sources */,
				A64BD3F110D5F3C10090526C /* CCLayer.m in Sources */,
				A64BD3F210D5F3C10090526C /* CCMenu.m in Sources */,
				A64BD3F310D5F3C10090526C /* CCMenuItem.m in Sources */,
				A64BD3F410D5F3C10090526C /* CCMotionStreak.m in Sources */,
				A64BD3F510D5F3C10090526C /* CCNode.m in Sources */,
				A64BD3F610D5F3C10090526C /* CCPageTurn3DAction.m in Sources */,
				A64BD3F710D5F3C10090526C /* CCPageTurnTransition.m in Sources */,
				A64BD3F810D5F3C10090526C /* CCParallaxNode.m in Sources */,
				A64BD3F910D5F3C10090526C /* CCParticleExamples.m in Sources */,
				A64BD3FA10D5F3C10090526C /* CCParticleSystem.m in Sources */,
				A64BD3FB10D5F3C10090526C /* CCPointParticleSystem.m in Sources */,
				A64BD3FC10D5F3C10090526C /* CCPVRTexture.m in Sources */,
				A64BD3FD10D5F3C10090526C /* CCQuadParticleSystem.m in Sources */,
				A64BD3FE10D5F3C10090526C /* CCRenderTexture.m in Sources */,
				A64BD3FF10D5F3C10090526C /* CCRibbon.m in Sources */,
				A64BD40010D5F3C10090526C /* CCScene.m in Sources */,
				A64BD40110D5F3C10090526C /* CCScheduler.m in Sources */,
				A64BD40210D5F3C10090526C /* CCSprite.m in Sources */,
				A64BD40310D5F3C10090526C /* CCSpriteFrame.m in Sources */,
				A64BD40410D5F3C10090526C /* CCSpriteFrameCache.m in Sources */,
				A64BD40510D5F3C10090526C /* CCSpriteSheet.m in Sources */,
				A64BD40610D5F3C10090526C /* CCTexture2D.m in Sources */,
				A64BD40710D5F3C10090526C /* CCTextureAtlas.m in Sources */,
				A64BD40810D5F3C10090526C /* CCTextureCache.m in Sources */,
				A64BD40910D5F3C10090526C /* CCTextureNode.m in Sources */,
				A64BD40A10D5F3C10090526C /* CCTiledGridAction.m in Sources */,
				A64BD40B10D5F3C10090526C /* CCTileMapAtlas.m in Sources */,
				A64BD40C10D5F3C10090526C /* CCTMXTiledMap.m in Sources */,
				A64BD40D10D5F3C10090526C /* CCTMXXMLParser.m in Sources */,
				A64BD40E10D5F3C10090526C /* CCTouchDispatcher.m in Sources */,
				A64BD40F10D5F3C10090526C /* CCTouchHandler.m in Sources */,
				A64BD41010D5F3C10090526C /* CCTransition.m in Sources */,
				A64BD41110D5F3C10090526C /* cocos2d.m in Sources */,
				A64BD41210D5F3C10090526C /* base64.c in Sources */,
				A64BD41310D5F3C10090526C /* ccHashSet.m in Sources */,
				A64BD41410D5F3C10090526C /* CGPointExtension.m in Sources */,
				A64BD41510D5F3C10090526C /* EAGLView.m in Sources */,
				A64BD41610D5F3C10090526C /* FileUtils.m in Sources */,
				A64BD41710D5F3C10090526C /* glu.c in Sources */,
				A64BD41810D5F3C10090526C /* TGAlib.m in Sources */,
				A64BD41910D5F3C10090526C /* TransformUtils.m in Sources */,
				A64BD41A10D5F3C10090526C /* ZipUtils.m in Sources */,
				A64BD44210D5F5B60090526C /* FontLabel.m in Sources */,
				A64BD44310D5F5B60090526C /* FontLabelStringDrawing.m in Sources */,
				A64BD44410D5F5B60090526C /* FontManager.m in Sources */,
				A64BD44510D5F5B60090526C /* ZAttributedString.m in Sources */,
				A64BD44610D5F5B60090526C /* ZFont.m in Sources */,
				A687E33F10D736A500163E9A /* cpCCNode.m in Sources */,
			);
			runOnlyForDeploymentPostprocessing = 0;
		};
/* End PBXSourcesBuildPhase section */

/* Begin XCBuildConfiguration section */
		1D6058940D05DD3E006BFB54 /* Debug */ = {
			isa = XCBuildConfiguration;
			buildSettings = {
				ALWAYS_SEARCH_USER_PATHS = NO;
				CODE_SIGN_IDENTITY = "iPhone Developer: Robert Blackwood";
				"CODE_SIGN_IDENTITY[sdk=iphoneos*]" = "iPhone Developer: Robert Blackwood";
				COPY_PHASE_STRIP = NO;
				FRAMEWORK_SEARCH_PATHS = (
					"$(inherited)",
					"\"$(SRCROOT)\"",
				);
				GCC_DYNAMIC_NO_PIC = NO;
				GCC_FAST_MATH = YES;
				GCC_OPTIMIZATION_LEVEL = 0;
				GCC_PRECOMPILE_PREFIX_HEADER = YES;
				GCC_PREFIX_HEADER = "Base Source/GamePrefix.pch";
				GCC_THUMB_SUPPORT = NO;
				INFOPLIST_FILE = "Game Resources/Plist/Info.plist";
				PRODUCT_NAME = Example;
				PROVISIONING_PROFILE = "CE15A196-6D24-4E6C-AB7B-BD98DB866361";
				"PROVISIONING_PROFILE[sdk=iphoneos*]" = "CE15A196-6D24-4E6C-AB7B-BD98DB866361";
			};
			name = Debug;
		};
		1D6058950D05DD3E006BFB54 /* Release */ = {
			isa = XCBuildConfiguration;
			buildSettings = {
				ALWAYS_SEARCH_USER_PATHS = NO;
				CODE_SIGN_IDENTITY = "iPhone Developer: Robert Blackwood";
				"CODE_SIGN_IDENTITY[sdk=iphoneos*]" = "iPhone Developer: Robert Blackwood";
				COPY_PHASE_STRIP = YES;
				FRAMEWORK_SEARCH_PATHS = (
					"$(inherited)",
					"\"$(SRCROOT)\"",
				);
				GCC_FAST_MATH = YES;
				GCC_OPTIMIZATION_LEVEL = 3;
				GCC_PRECOMPILE_PREFIX_HEADER = YES;
				GCC_PREFIX_HEADER = "Base Source/GamePrefix.pch";
				GCC_THUMB_SUPPORT = NO;
				INFOPLIST_FILE = "Game Resources/Plist/Info.plist";
				PRODUCT_NAME = Example;
				PROVISIONING_PROFILE = "CE15A196-6D24-4E6C-AB7B-BD98DB866361";
				"PROVISIONING_PROFILE[sdk=iphoneos*]" = "CE15A196-6D24-4E6C-AB7B-BD98DB866361";
			};
			name = Release;
		};
		C01FCF4F08A954540054247B /* Debug */ = {
			isa = XCBuildConfiguration;
			buildSettings = {
				ARCHS = "$(ARCHS_STANDARD_32_BIT)";
				"CODE_SIGN_IDENTITY[sdk=iphoneos*]" = "iPhone Developer";
				GCC_C_LANGUAGE_STANDARD = c99;
				GCC_WARN_ABOUT_RETURN_TYPE = YES;
				GCC_WARN_UNUSED_VARIABLE = YES;
				ONLY_ACTIVE_ARCH = YES;
				PREBINDING = NO;
				SDKROOT = iphoneos2.2.1;
			};
			name = Debug;
		};
		C01FCF5008A954540054247B /* Release */ = {
			isa = XCBuildConfiguration;
			buildSettings = {
				ARCHS = "$(ARCHS_STANDARD_32_BIT)";
				"CODE_SIGN_IDENTITY[sdk=iphoneos*]" = "iPhone Developer";
				GCC_C_LANGUAGE_STANDARD = c99;
				GCC_WARN_ABOUT_RETURN_TYPE = YES;
				GCC_WARN_UNUSED_VARIABLE = YES;
				PREBINDING = NO;
				SDKROOT = iphoneos2.2.1;
			};
			name = Release;
		};
/* End XCBuildConfiguration section */

/* Begin XCConfigurationList section */
		1D6058960D05DD3E006BFB54 /* Build configuration list for PBXNativeTarget "Example" */ = {
			isa = XCConfigurationList;
			buildConfigurations = (
				1D6058940D05DD3E006BFB54 /* Debug */,
				1D6058950D05DD3E006BFB54 /* Release */,
			);
			defaultConfigurationIsVisible = 0;
			defaultConfigurationName = Release;
		};
		C01FCF4E08A954540054247B /* Build configuration list for PBXProject "Example" */ = {
			isa = XCConfigurationList;
			buildConfigurations = (
				C01FCF4F08A954540054247B /* Debug */,
				C01FCF5008A954540054247B /* Release */,
			);
			defaultConfigurationIsVisible = 0;
			defaultConfigurationName = Release;
		};
/* End XCConfigurationList section */
	};
	rootObject = 29B97313FDCFA39411CA2CEA /* Project object */;
}
